PODS:
  - StanwoodCore (1.0):
    - StanwoodCore/Base (= 1.0)
  - StanwoodCore/Base (1.0)

DEPENDENCIES:
  - StanwoodCore (from `../`)

EXTERNAL SOURCES:
  StanwoodCore:
    :path: ../

SPEC CHECKSUMS:
  StanwoodCore: 34db07e37e0a02bd85068528a7529600868f686e

PODFILE CHECKSUM: 714180da68bdb0f0ab6fbf1680d2cb92c77f3329

COCOAPODS: 1.4.0
