PODS:
  - SourceModel (1.2)
  - StanwoodCore (1.7)

DEPENDENCIES:
  - SourceModel
  - StanwoodCore (from `../`)

SPEC REPOS:
  https://github.com/cocoapods/specs.git:
    - SourceModel

EXTERNAL SOURCES:
  StanwoodCore:
    :path: "../"

SPEC CHECKSUMS:
  SourceModel: 08957a4ee4eb94a2c10bac753af8833efa4143e7
  StanwoodCore: b00bb3703d843d583fd884b603f0b88a77bc84b4

PODFILE CHECKSUM: 8f95fb0c30a1e48fd873fd3e4ef5c0696f439c4d

COCOAPODS: 1.7.4
