// !$*UTF8*$!
{
	archiveVersion = 1;
	classes = {
	};
	objectVersion = 46;
	objects = {

/* Begin PBXBuildFile section */
		58EA90E82AF7543957D6ACF1 /* Pods_StanwoodCore_Tests.framework in Frameworks */ = {isa = PBXBuildFile; fileRef = 95C07CB04ED957B6024E6B8D /* Pods_StanwoodCore_Tests.framework */; };
		607FACD61AFB9204008FA782 /* AppDelegate.swift in Sources */ = {isa = PBXBuildFile; fileRef = 607FACD51AFB9204008FA782 /* AppDelegate.swift */; };
		607FACD81AFB9204008FA782 /* CoreExampleViewController.swift in Sources */ = {isa = PBXBuildFile; fileRef = 607FACD71AFB9204008FA782 /* CoreExampleViewController.swift */; };
		607FACDB1AFB9204008FA782 /* Main.storyboard in Resources */ = {isa = PBXBuildFile; fileRef = 607FACD91AFB9204008FA782 /* Main.storyboard */; };
		607FACDD1AFB9204008FA782 /* Images.xcassets in Resources */ = {isa = PBXBuildFile; fileRef = 607FACDC1AFB9204008FA782 /* Images.xcassets */; };
		607FACE01AFB9204008FA782 /* LaunchScreen.xib in Resources */ = {isa = PBXBuildFile; fileRef = 607FACDE1AFB9204008FA782 /* LaunchScreen.xib */; };
		6C21276621E7633900A6B2F6 /* StorageDirectoryTest.swift in Sources */ = {isa = PBXBuildFile; fileRef = 6C21276521E7633900A6B2F6 /* StorageDirectoryTest.swift */; };
		6C21276821E8858B00A6B2F6 /* UIApplicationTest.swift in Sources */ = {isa = PBXBuildFile; fileRef = 6C21276721E8858B00A6B2F6 /* UIApplicationTest.swift */; };
		6C226AAA2318104700A0A029 /* Item.swift in Sources */ = {isa = PBXBuildFile; fileRef = 6C226AA92318104700A0A029 /* Item.swift */; };
		6C226AAB2318105A00A0A029 /* Item.swift in Sources */ = {isa = PBXBuildFile; fileRef = 6C226AA92318104700A0A029 /* Item.swift */; };
		6C414B5C2046BDF500BC15B3 /* GoogleService-Info.plist in Resources */ = {isa = PBXBuildFile; fileRef = 6C414B5B2046BDF500BC15B3 /* GoogleService-Info.plist */; };
		6C414B632046DBCE00BC15B3 /* TableDelegate.swift in Sources */ = {isa = PBXBuildFile; fileRef = 6C414B622046DBCE00BC15B3 /* TableDelegate.swift */; };
		6C64BB791FFCC8DF008BEE98 /* LodableTest.swift in Sources */ = {isa = PBXBuildFile; fileRef = 6C64BB781FFCC8DF008BEE98 /* LodableTest.swift */; };
		6C64BB7B1FFCC912008BEE98 /* LodableNib.xib in Resources */ = {isa = PBXBuildFile; fileRef = 6C64BB7A1FFCC912008BEE98 /* LodableNib.xib */; };
		6C64BB7D1FFCC925008BEE98 /* LodableNib.swift in Sources */ = {isa = PBXBuildFile; fileRef = 6C64BB7C1FFCC925008BEE98 /* LodableNib.swift */; };
		6C64BB811FFCD04F008BEE98 /* DataTypeTest.swift in Sources */ = {isa = PBXBuildFile; fileRef = 6C64BB801FFCD04F008BEE98 /* DataTypeTest.swift */; };
		6C6C30DD213FDC4E00360AC7 /* TableDataSource.swift in Sources */ = {isa = PBXBuildFile; fileRef = 6C6C30DC213FDC4E00360AC7 /* TableDataSource.swift */; };
		6CA768B01FF3949D00611DA8 /* StringTests.swift in Sources */ = {isa = PBXBuildFile; fileRef = 6CA768AF1FF3949D00611DA8 /* StringTests.swift */; };
		6CA768B41FF3985B00611DA8 /* UILabelTest.swift in Sources */ = {isa = PBXBuildFile; fileRef = 6CA768B31FF3985B00611DA8 /* UILabelTest.swift */; };
		6CA768B61FF3989200611DA8 /* UIButtonTest.swift in Sources */ = {isa = PBXBuildFile; fileRef = 6CA768B51FF3989200611DA8 /* UIButtonTest.swift */; };
		6CA768B71FF3995900611DA8 /* Localizable.strings in Resources */ = {isa = PBXBuildFile; fileRef = 6CA768B91FF3995900611DA8 /* Localizable.strings */; };
		6CA768BA1FF39C6500611DA8 /* Localizable.strings in Resources */ = {isa = PBXBuildFile; fileRef = 6CA768B91FF3995900611DA8 /* Localizable.strings */; };
		6CA768BC1FF39FA700611DA8 /* UIColorTest.swift in Sources */ = {isa = PBXBuildFile; fileRef = 6CA768BB1FF39FA700611DA8 /* UIColorTest.swift */; };
		6CA768BE1FF3A23F00611DA8 /* StorageTest.swift in Sources */ = {isa = PBXBuildFile; fileRef = 6CA768BD1FF3A23F00611DA8 /* StorageTest.swift */; };
		6CB66A39201F4AFB00C56C90 /* UISearchBarTest.swift in Sources */ = {isa = PBXBuildFile; fileRef = 6CB66A38201F4AFB00C56C90 /* UISearchBarTest.swift */; };
		6CB66A3B201F4B0700C56C90 /* UITextFieldTest.swift in Sources */ = {isa = PBXBuildFile; fileRef = 6CB66A3A201F4B0700C56C90 /* UITextFieldTest.swift */; };
		6CC3AFF120441BD500B6C492 /* LoadableOutlet.xib in Resources */ = {isa = PBXBuildFile; fileRef = 6CC3AFED20441B9000B6C492 /* LoadableOutlet.xib */; };
		6CC3AFF220441BD500B6C492 /* LoadableOutlet.swift in Sources */ = {isa = PBXBuildFile; fileRef = 6CC3AFEF20441B9800B6C492 /* LoadableOutlet.swift */; };
		6CED89E420317CAE00729595 /* UIBarButtonItemTest.swift in Sources */ = {isa = PBXBuildFile; fileRef = 6CED89E320317CAE00729595 /* UIBarButtonItemTest.swift */; };
		6CED89E62031879900729595 /* StringFormatTest.swift in Sources */ = {isa = PBXBuildFile; fileRef = 6CED89E52031879900729595 /* StringFormatTest.swift */; };
		CA69A2132ABC40B430BA68BF /* Pods_StanwoodCore_Example.framework in Frameworks */ = {isa = PBXBuildFile; fileRef = 6B1EC9F4749349F8BD1E643D /* Pods_StanwoodCore_Example.framework */; };
		E02251B62241F621002AF88A /* TableViewController.swift in Sources */ = {isa = PBXBuildFile; fileRef = 6C414B5F2046DB0E00BC15B3 /* TableViewController.swift */; };
		E02251B82241F683002AF88A /* DetailTableViewCell.swift in Sources */ = {isa = PBXBuildFile; fileRef = E0FF36BD223B5C6100654C22 /* DetailTableViewCell.swift */; };
		E06455FE223B6C9D002F9C0F /* Header.xib in Resources */ = {isa = PBXBuildFile; fileRef = E06455FD223B6C9D002F9C0F /* Header.xib */; };
		E0FF36BF223B5C6100654C22 /* DetailTableViewCell.swift in Sources */ = {isa = PBXBuildFile; fileRef = E0FF36BD223B5C6100654C22 /* DetailTableViewCell.swift */; };
		E0FF36C0223B5C6100654C22 /* DetailTableViewCell.xib in Resources */ = {isa = PBXBuildFile; fileRef = E0FF36BE223B5C6100654C22 /* DetailTableViewCell.xib */; };
		E0FF36C4223B6B4B00654C22 /* Header.swift in Sources */ = {isa = PBXBuildFile; fileRef = E0FF36C3223B6B4A00654C22 /* Header.swift */; };
/* End PBXBuildFile section */

/* Begin PBXContainerItemProxy section */
		607FACE61AFB9204008FA782 /* PBXContainerItemProxy */ = {
			isa = PBXContainerItemProxy;
			containerPortal = 607FACC81AFB9204008FA782 /* Project object */;
			proxyType = 1;
			remoteGlobalIDString = 607FACCF1AFB9204008FA782;
			remoteInfo = StanwoodCore;
		};
/* End PBXContainerItemProxy section */

/* Begin PBXFileReference section */
		0C82866CADB323E6D0A854C0 /* Pods-StanwoodCore_Example.debug.xcconfig */ = {isa = PBXFileReference; includeInIndex = 1; lastKnownFileType = text.xcconfig; name = "Pods-StanwoodCore_Example.debug.xcconfig"; path = "Pods/Target Support Files/Pods-StanwoodCore_Example/Pods-StanwoodCore_Example.debug.xcconfig"; sourceTree = "<group>"; };
		0CC045B34A72A866300360AF /* Pods-StanwoodCore_Tests.debug.xcconfig */ = {isa = PBXFileReference; includeInIndex = 1; lastKnownFileType = text.xcconfig; name = "Pods-StanwoodCore_Tests.debug.xcconfig"; path = "Pods/Target Support Files/Pods-StanwoodCore_Tests/Pods-StanwoodCore_Tests.debug.xcconfig"; sourceTree = "<group>"; };
		396D5F655D1D82D0E2FEB8FD /* LICENSE */ = {isa = PBXFileReference; includeInIndex = 1; lastKnownFileType = text; name = LICENSE; path = ../LICENSE; sourceTree = "<group>"; };
		607FACD01AFB9204008FA782 /* StanwoodCore_Example.app */ = {isa = PBXFileReference; explicitFileType = wrapper.application; includeInIndex = 0; path = StanwoodCore_Example.app; sourceTree = BUILT_PRODUCTS_DIR; };
		607FACD41AFB9204008FA782 /* Info.plist */ = {isa = PBXFileReference; lastKnownFileType = text.plist.xml; path = Info.plist; sourceTree = "<group>"; };
		607FACD51AFB9204008FA782 /* AppDelegate.swift */ = {isa = PBXFileReference; lastKnownFileType = sourcecode.swift; path = AppDelegate.swift; sourceTree = "<group>"; };
		607FACD71AFB9204008FA782 /* CoreExampleViewController.swift */ = {isa = PBXFileReference; lastKnownFileType = sourcecode.swift; path = CoreExampleViewController.swift; sourceTree = "<group>"; };
		607FACDA1AFB9204008FA782 /* Base */ = {isa = PBXFileReference; lastKnownFileType = file.storyboard; name = Base; path = Base.lproj/Main.storyboard; sourceTree = "<group>"; };
		607FACDC1AFB9204008FA782 /* Images.xcassets */ = {isa = PBXFileReference; lastKnownFileType = folder.assetcatalog; path = Images.xcassets; sourceTree = "<group>"; };
		607FACDF1AFB9204008FA782 /* Base */ = {isa = PBXFileReference; lastKnownFileType = file.xib; name = Base; path = Base.lproj/LaunchScreen.xib; sourceTree = "<group>"; };
		607FACE51AFB9204008FA782 /* StanwoodCore_Tests.xctest */ = {isa = PBXFileReference; explicitFileType = wrapper.cfbundle; includeInIndex = 0; path = StanwoodCore_Tests.xctest; sourceTree = BUILT_PRODUCTS_DIR; };
		607FACEA1AFB9204008FA782 /* Info.plist */ = {isa = PBXFileReference; lastKnownFileType = text.plist.xml; path = Info.plist; sourceTree = "<group>"; };
		6B1EC9F4749349F8BD1E643D /* Pods_StanwoodCore_Example.framework */ = {isa = PBXFileReference; explicitFileType = wrapper.framework; includeInIndex = 0; path = Pods_StanwoodCore_Example.framework; sourceTree = BUILT_PRODUCTS_DIR; };
		6C21276521E7633900A6B2F6 /* StorageDirectoryTest.swift */ = {isa = PBXFileReference; lastKnownFileType = sourcecode.swift; path = StorageDirectoryTest.swift; sourceTree = "<group>"; };
		6C21276721E8858B00A6B2F6 /* UIApplicationTest.swift */ = {isa = PBXFileReference; lastKnownFileType = sourcecode.swift; path = UIApplicationTest.swift; sourceTree = "<group>"; };
		6C226AA92318104700A0A029 /* Item.swift */ = {isa = PBXFileReference; lastKnownFileType = sourcecode.swift; path = Item.swift; sourceTree = "<group>"; };
		6C282551215B81920017543B /* CHANGELOG.md */ = {isa = PBXFileReference; lastKnownFileType = net.daringfireball.markdown; name = CHANGELOG.md; path = ../CHANGELOG.md; sourceTree = "<group>"; };
		6C414B5B2046BDF500BC15B3 /* GoogleService-Info.plist */ = {isa = PBXFileReference; fileEncoding = 4; lastKnownFileType = text.plist.xml; path = "GoogleService-Info.plist"; sourceTree = "<group>"; };
		6C414B5F2046DB0E00BC15B3 /* TableViewController.swift */ = {isa = PBXFileReference; lastKnownFileType = sourcecode.swift; path = TableViewController.swift; sourceTree = "<group>"; };
		6C414B622046DBCE00BC15B3 /* TableDelegate.swift */ = {isa = PBXFileReference; lastKnownFileType = sourcecode.swift; path = TableDelegate.swift; sourceTree = "<group>"; };
		6C64BB371FFB89A8008BEE98 /* .jazzy.yaml */ = {isa = PBXFileReference; lastKnownFileType = text; name = .jazzy.yaml; path = ../.jazzy.yaml; sourceTree = "<group>"; };
		6C64BB781FFCC8DF008BEE98 /* LodableTest.swift */ = {isa = PBXFileReference; lastKnownFileType = sourcecode.swift; path = LodableTest.swift; sourceTree = "<group>"; };
		6C64BB7A1FFCC912008BEE98 /* LodableNib.xib */ = {isa = PBXFileReference; lastKnownFileType = file.xib; path = LodableNib.xib; sourceTree = "<group>"; };
		6C64BB7C1FFCC925008BEE98 /* LodableNib.swift */ = {isa = PBXFileReference; lastKnownFileType = sourcecode.swift; path = LodableNib.swift; sourceTree = "<group>"; };
		6C64BB801FFCD04F008BEE98 /* DataTypeTest.swift */ = {isa = PBXFileReference; lastKnownFileType = sourcecode.swift; path = DataTypeTest.swift; sourceTree = "<group>"; wrapsLines = 1; };
		6C6C30DC213FDC4E00360AC7 /* TableDataSource.swift */ = {isa = PBXFileReference; lastKnownFileType = sourcecode.swift; path = TableDataSource.swift; sourceTree = "<group>"; };
		6CA768AE1FF3949C00611DA8 /* StanwoodCore_Tests-Bridging-Header.h */ = {isa = PBXFileReference; lastKnownFileType = sourcecode.c.h; path = "StanwoodCore_Tests-Bridging-Header.h"; sourceTree = "<group>"; };
		6CA768AF1FF3949D00611DA8 /* StringTests.swift */ = {isa = PBXFileReference; lastKnownFileType = sourcecode.swift; path = StringTests.swift; sourceTree = "<group>"; };
		6CA768B31FF3985B00611DA8 /* UILabelTest.swift */ = {isa = PBXFileReference; lastKnownFileType = sourcecode.swift; path = UILabelTest.swift; sourceTree = "<group>"; };
		6CA768B51FF3989200611DA8 /* UIButtonTest.swift */ = {isa = PBXFileReference; lastKnownFileType = sourcecode.swift; path = UIButtonTest.swift; sourceTree = "<group>"; };
		6CA768B81FF3995900611DA8 /* en */ = {isa = PBXFileReference; lastKnownFileType = text.plist.strings; name = en; path = en.lproj/Localizable.strings; sourceTree = "<group>"; };
		6CA768BB1FF39FA700611DA8 /* UIColorTest.swift */ = {isa = PBXFileReference; lastKnownFileType = sourcecode.swift; path = UIColorTest.swift; sourceTree = "<group>"; };
		6CA768BD1FF3A23F00611DA8 /* StorageTest.swift */ = {isa = PBXFileReference; lastKnownFileType = sourcecode.swift; path = StorageTest.swift; sourceTree = "<group>"; };
		6CB66A38201F4AFB00C56C90 /* UISearchBarTest.swift */ = {isa = PBXFileReference; lastKnownFileType = sourcecode.swift; path = UISearchBarTest.swift; sourceTree = "<group>"; };
		6CB66A3A201F4B0700C56C90 /* UITextFieldTest.swift */ = {isa = PBXFileReference; lastKnownFileType = sourcecode.swift; path = UITextFieldTest.swift; sourceTree = "<group>"; };
		6CC3AFED20441B9000B6C492 /* LoadableOutlet.xib */ = {isa = PBXFileReference; lastKnownFileType = file.xib; path = LoadableOutlet.xib; sourceTree = "<group>"; };
		6CC3AFEF20441B9800B6C492 /* LoadableOutlet.swift */ = {isa = PBXFileReference; lastKnownFileType = sourcecode.swift; path = LoadableOutlet.swift; sourceTree = "<group>"; };
		6CED89E320317CAE00729595 /* UIBarButtonItemTest.swift */ = {isa = PBXFileReference; lastKnownFileType = sourcecode.swift; path = UIBarButtonItemTest.swift; sourceTree = "<group>"; };
		6CED89E52031879900729595 /* StringFormatTest.swift */ = {isa = PBXFileReference; lastKnownFileType = sourcecode.swift; path = StringFormatTest.swift; sourceTree = "<group>"; };
		73F6820841AFE0ED170C6D0D /* README.md */ = {isa = PBXFileReference; includeInIndex = 1; lastKnownFileType = net.daringfireball.markdown; name = README.md; path = ../README.md; sourceTree = "<group>"; };
		83428A95911DFEE39512B36C /* Pods-StanwoodCore_Example.release.xcconfig */ = {isa = PBXFileReference; includeInIndex = 1; lastKnownFileType = text.xcconfig; name = "Pods-StanwoodCore_Example.release.xcconfig"; path = "Pods/Target Support Files/Pods-StanwoodCore_Example/Pods-StanwoodCore_Example.release.xcconfig"; sourceTree = "<group>"; };
		95C07CB04ED957B6024E6B8D /* Pods_StanwoodCore_Tests.framework */ = {isa = PBXFileReference; explicitFileType = wrapper.framework; includeInIndex = 0; path = Pods_StanwoodCore_Tests.framework; sourceTree = BUILT_PRODUCTS_DIR; };
		C8CCA3216D91EC9C07D5C8CC /* Pods-StanwoodCore_Tests.release.xcconfig */ = {isa = PBXFileReference; includeInIndex = 1; lastKnownFileType = text.xcconfig; name = "Pods-StanwoodCore_Tests.release.xcconfig"; path = "Pods/Target Support Files/Pods-StanwoodCore_Tests/Pods-StanwoodCore_Tests.release.xcconfig"; sourceTree = "<group>"; };
		E06455FD223B6C9D002F9C0F /* Header.xib */ = {isa = PBXFileReference; lastKnownFileType = file.xib; path = Header.xib; sourceTree = "<group>"; };
		E0FF36BD223B5C6100654C22 /* DetailTableViewCell.swift */ = {isa = PBXFileReference; lastKnownFileType = sourcecode.swift; path = DetailTableViewCell.swift; sourceTree = "<group>"; };
		E0FF36BE223B5C6100654C22 /* DetailTableViewCell.xib */ = {isa = PBXFileReference; lastKnownFileType = file.xib; path = DetailTableViewCell.xib; sourceTree = "<group>"; };
		E0FF36C3223B6B4A00654C22 /* Header.swift */ = {isa = PBXFileReference; lastKnownFileType = sourcecode.swift; path = Header.swift; sourceTree = "<group>"; };
		E215B4393DCD0F19816CA3D7 /* StanwoodCore.podspec */ = {isa = PBXFileReference; explicitFileType = text.script.ruby; includeInIndex = 1; name = StanwoodCore.podspec; path = ../StanwoodCore.podspec; sourceTree = "<group>"; xcLanguageSpecificationIdentifier = xcode.lang.ruby; };
/* End PBXFileReference section */

/* Begin PBXFrameworksBuildPhase section */
		607FACCD1AFB9204008FA782 /* Frameworks */ = {
			isa = PBXFrameworksBuildPhase;
			buildActionMask = 2147483647;
			files = (
				CA69A2132ABC40B430BA68BF /* Pods_StanwoodCore_Example.framework in Frameworks */,
			);
			runOnlyForDeploymentPostprocessing = 0;
		};
		607FACE21AFB9204008FA782 /* Frameworks */ = {
			isa = PBXFrameworksBuildPhase;
			buildActionMask = 2147483647;
			files = (
				58EA90E82AF7543957D6ACF1 /* Pods_StanwoodCore_Tests.framework in Frameworks */,
			);
			runOnlyForDeploymentPostprocessing = 0;
		};
/* End PBXFrameworksBuildPhase section */

/* Begin PBXGroup section */
		607FACC71AFB9204008FA782 = {
			isa = PBXGroup;
			children = (
				607FACF51AFB993E008FA782 /* Podspec Metadata */,
				607FACD21AFB9204008FA782 /* Example for StanwoodCore */,
				607FACE81AFB9204008FA782 /* Tests */,
				607FACD11AFB9204008FA782 /* Products */,
				85826A4D99F7A025A42584DC /* Pods */,
				630AD3A89EB8D679962EB243 /* Frameworks */,
			);
			sourceTree = "<group>";
		};
		607FACD11AFB9204008FA782 /* Products */ = {
			isa = PBXGroup;
			children = (
				607FACD01AFB9204008FA782 /* StanwoodCore_Example.app */,
				607FACE51AFB9204008FA782 /* StanwoodCore_Tests.xctest */,
			);
			name = Products;
			sourceTree = "<group>";
		};
		607FACD21AFB9204008FA782 /* Example for StanwoodCore */ = {
			isa = PBXGroup;
			children = (
				607FACD51AFB9204008FA782 /* AppDelegate.swift */,
				6C414B612046DBAC00BC15B3 /* ViewControllers */,
				607FACD91AFB9204008FA782 /* Main.storyboard */,
				607FACDC1AFB9204008FA782 /* Images.xcassets */,
				607FACDE1AFB9204008FA782 /* LaunchScreen.xib */,
				607FACD31AFB9204008FA782 /* Supporting Files */,
			);
			name = "Example for StanwoodCore";
			path = StanwoodCore;
			sourceTree = "<group>";
		};
		607FACD31AFB9204008FA782 /* Supporting Files */ = {
			isa = PBXGroup;
			children = (
				6C414B5B2046BDF500BC15B3 /* GoogleService-Info.plist */,
				607FACD41AFB9204008FA782 /* Info.plist */,
			);
			name = "Supporting Files";
			sourceTree = "<group>";
		};
		607FACE81AFB9204008FA782 /* Tests */ = {
			isa = PBXGroup;
			children = (
				6CA768BD1FF3A23F00611DA8 /* StorageTest.swift */,
				6C21276521E7633900A6B2F6 /* StorageDirectoryTest.swift */,
				6CA768AF1FF3949D00611DA8 /* StringTests.swift */,
				6CA768B31FF3985B00611DA8 /* UILabelTest.swift */,
				6CA768B51FF3989200611DA8 /* UIButtonTest.swift */,
				6CA768BB1FF39FA700611DA8 /* UIColorTest.swift */,
				6C64BB781FFCC8DF008BEE98 /* LodableTest.swift */,
				6C64BB801FFCD04F008BEE98 /* DataTypeTest.swift */,
				6CB66A38201F4AFB00C56C90 /* UISearchBarTest.swift */,
				6CB66A3A201F4B0700C56C90 /* UITextFieldTest.swift */,
				6CED89E320317CAE00729595 /* UIBarButtonItemTest.swift */,
				6CED89E52031879900729595 /* StringFormatTest.swift */,
				6C21276721E8858B00A6B2F6 /* UIApplicationTest.swift */,
				607FACE91AFB9204008FA782 /* Supporting Files */,
			);
			path = Tests;
			sourceTree = "<group>";
		};
		607FACE91AFB9204008FA782 /* Supporting Files */ = {
			isa = PBXGroup;
			children = (
				607FACEA1AFB9204008FA782 /* Info.plist */,
				6CA768B91FF3995900611DA8 /* Localizable.strings */,
				6CA768AE1FF3949C00611DA8 /* StanwoodCore_Tests-Bridging-Header.h */,
				6C64BB7A1FFCC912008BEE98 /* LodableNib.xib */,
				6C64BB7C1FFCC925008BEE98 /* LodableNib.swift */,
				6CC3AFED20441B9000B6C492 /* LoadableOutlet.xib */,
				6CC3AFEF20441B9800B6C492 /* LoadableOutlet.swift */,
				6C226AA92318104700A0A029 /* Item.swift */,
			);
			name = "Supporting Files";
			sourceTree = "<group>";
		};
		607FACF51AFB993E008FA782 /* Podspec Metadata */ = {
			isa = PBXGroup;
			children = (
				6C64BB371FFB89A8008BEE98 /* .jazzy.yaml */,
				E215B4393DCD0F19816CA3D7 /* StanwoodCore.podspec */,
				73F6820841AFE0ED170C6D0D /* README.md */,
				396D5F655D1D82D0E2FEB8FD /* LICENSE */,
				6C282551215B81920017543B /* CHANGELOG.md */,
			);
			name = "Podspec Metadata";
			sourceTree = "<group>";
		};
		630AD3A89EB8D679962EB243 /* Frameworks */ = {
			isa = PBXGroup;
			children = (
				6B1EC9F4749349F8BD1E643D /* Pods_StanwoodCore_Example.framework */,
				95C07CB04ED957B6024E6B8D /* Pods_StanwoodCore_Tests.framework */,
			);
			name = Frameworks;
			sourceTree = "<group>";
		};
		6C414B612046DBAC00BC15B3 /* ViewControllers */ = {
			isa = PBXGroup;
			children = (
				E02251B92241FA5B002AF88A /* Cell */,
				607FACD71AFB9204008FA782 /* CoreExampleViewController.swift */,
				6C414B5F2046DB0E00BC15B3 /* TableViewController.swift */,
				6C414B622046DBCE00BC15B3 /* TableDelegate.swift */,
				6C6C30DC213FDC4E00360AC7 /* TableDataSource.swift */,
			);
			path = ViewControllers;
			sourceTree = "<group>";
		};
		85826A4D99F7A025A42584DC /* Pods */ = {
			isa = PBXGroup;
			children = (
				0C82866CADB323E6D0A854C0 /* Pods-StanwoodCore_Example.debug.xcconfig */,
				83428A95911DFEE39512B36C /* Pods-StanwoodCore_Example.release.xcconfig */,
				0CC045B34A72A866300360AF /* Pods-StanwoodCore_Tests.debug.xcconfig */,
				C8CCA3216D91EC9C07D5C8CC /* Pods-StanwoodCore_Tests.release.xcconfig */,
			);
			name = Pods;
			sourceTree = "<group>";
		};
		E02251B92241FA5B002AF88A /* Cell */ = {
			isa = PBXGroup;
			children = (
				E0FF36BD223B5C6100654C22 /* DetailTableViewCell.swift */,
				E0FF36C3223B6B4A00654C22 /* Header.swift */,
				E06455FD223B6C9D002F9C0F /* Header.xib */,
				E0FF36BE223B5C6100654C22 /* DetailTableViewCell.xib */,
			);
			path = Cell;
			sourceTree = "<group>";
		};
/* End PBXGroup section */

/* Begin PBXNativeTarget section */
		607FACCF1AFB9204008FA782 /* StanwoodCore_Example */ = {
			isa = PBXNativeTarget;
			buildConfigurationList = 607FACEF1AFB9204008FA782 /* Build configuration list for PBXNativeTarget "StanwoodCore_Example" */;
			buildPhases = (
				0C06DE80088A2EC3BA8E7853 /* [CP] Check Pods Manifest.lock */,
				607FACCC1AFB9204008FA782 /* Sources */,
				607FACCD1AFB9204008FA782 /* Frameworks */,
				607FACCE1AFB9204008FA782 /* Resources */,
				691CB50FD083CB538943FB29 /* [CP] Embed Pods Frameworks */,
			);
			buildRules = (
			);
			dependencies = (
			);
			name = StanwoodCore_Example;
			productName = StanwoodCore;
			productReference = 607FACD01AFB9204008FA782 /* StanwoodCore_Example.app */;
			productType = "com.apple.product-type.application";
		};
		607FACE41AFB9204008FA782 /* StanwoodCore_Tests */ = {
			isa = PBXNativeTarget;
			buildConfigurationList = 607FACF21AFB9204008FA782 /* Build configuration list for PBXNativeTarget "StanwoodCore_Tests" */;
			buildPhases = (
				A7182EA1AAE12BF0E602311E /* [CP] Check Pods Manifest.lock */,
				607FACE11AFB9204008FA782 /* Sources */,
				607FACE21AFB9204008FA782 /* Frameworks */,
				607FACE31AFB9204008FA782 /* Resources */,
				F50CF50BFD48574897983D2D /* [CP] Embed Pods Frameworks */,
			);
			buildRules = (
			);
			dependencies = (
				607FACE71AFB9204008FA782 /* PBXTargetDependency */,
			);
			name = StanwoodCore_Tests;
			productName = Tests;
			productReference = 607FACE51AFB9204008FA782 /* StanwoodCore_Tests.xctest */;
			productType = "com.apple.product-type.bundle.unit-test";
		};
/* End PBXNativeTarget section */

/* Begin PBXProject section */
		607FACC81AFB9204008FA782 /* Project object */ = {
			isa = PBXProject;
			attributes = {
				LastSwiftUpdateCheck = 0830;
				LastUpgradeCheck = 0830;
				ORGANIZATIONNAME = CocoaPods;
				TargetAttributes = {
					607FACCF1AFB9204008FA782 = {
						CreatedOnToolsVersion = 6.3.1;
						DevelopmentTeam = E695UC6Q3Q;
						LastSwiftMigration = 1000;
					};
					607FACE41AFB9204008FA782 = {
						CreatedOnToolsVersion = 6.3.1;
						LastSwiftMigration = 1000;
						TestTargetID = 607FACCF1AFB9204008FA782;
					};
				};
			};
			buildConfigurationList = 607FACCB1AFB9204008FA782 /* Build configuration list for PBXProject "StanwoodCore" */;
			compatibilityVersion = "Xcode 3.2";
			developmentRegion = English;
			hasScannedForEncodings = 0;
			knownRegions = (
				English,
				en,
				Base,
			);
			mainGroup = 607FACC71AFB9204008FA782;
			productRefGroup = 607FACD11AFB9204008FA782 /* Products */;
			projectDirPath = "";
			projectRoot = "";
			targets = (
				607FACCF1AFB9204008FA782 /* StanwoodCore_Example */,
				607FACE41AFB9204008FA782 /* StanwoodCore_Tests */,
			);
		};
/* End PBXProject section */

/* Begin PBXResourcesBuildPhase section */
		607FACCE1AFB9204008FA782 /* Resources */ = {
			isa = PBXResourcesBuildPhase;
			buildActionMask = 2147483647;
			files = (
				607FACDB1AFB9204008FA782 /* Main.storyboard in Resources */,
				6CA768BA1FF39C6500611DA8 /* Localizable.strings in Resources */,
				607FACE01AFB9204008FA782 /* LaunchScreen.xib in Resources */,
				E06455FE223B6C9D002F9C0F /* Header.xib in Resources */,
				607FACDD1AFB9204008FA782 /* Images.xcassets in Resources */,
				E0FF36C0223B5C6100654C22 /* DetailTableViewCell.xib in Resources */,
				6C414B5C2046BDF500BC15B3 /* GoogleService-Info.plist in Resources */,
			);
			runOnlyForDeploymentPostprocessing = 0;
		};
		607FACE31AFB9204008FA782 /* Resources */ = {
			isa = PBXResourcesBuildPhase;
			buildActionMask = 2147483647;
			files = (
				6CA768B71FF3995900611DA8 /* Localizable.strings in Resources */,
				6CC3AFF120441BD500B6C492 /* LoadableOutlet.xib in Resources */,
				6C64BB7B1FFCC912008BEE98 /* LodableNib.xib in Resources */,
			);
			runOnlyForDeploymentPostprocessing = 0;
		};
/* End PBXResourcesBuildPhase section */

/* Begin PBXShellScriptBuildPhase section */
		0C06DE80088A2EC3BA8E7853 /* [CP] Check Pods Manifest.lock */ = {
			isa = PBXShellScriptBuildPhase;
			buildActionMask = 2147483647;
			files = (
			);
			inputPaths = (
				"${PODS_PODFILE_DIR_PATH}/Podfile.lock",
				"${PODS_ROOT}/Manifest.lock",
			);
			name = "[CP] Check Pods Manifest.lock";
			outputPaths = (
				"$(DERIVED_FILE_DIR)/Pods-StanwoodCore_Example-checkManifestLockResult.txt",
			);
			runOnlyForDeploymentPostprocessing = 0;
			shellPath = /bin/sh;
			shellScript = "diff \"${PODS_PODFILE_DIR_PATH}/Podfile.lock\" \"${PODS_ROOT}/Manifest.lock\" > /dev/null\nif [ $? != 0 ] ; then\n    # print error to STDERR\n    echo \"error: The sandbox is not in sync with the Podfile.lock. Run 'pod install' or update your CocoaPods installation.\" >&2\n    exit 1\nfi\n# This output is used by Xcode 'outputs' to avoid re-running this script phase.\necho \"SUCCESS\" > \"${SCRIPT_OUTPUT_FILE_0}\"\n";
			showEnvVarsInLog = 0;
		};
		691CB50FD083CB538943FB29 /* [CP] Embed Pods Frameworks */ = {
			isa = PBXShellScriptBuildPhase;
			buildActionMask = 2147483647;
			files = (
			);
			inputPaths = (
				"${PODS_ROOT}/Target Support Files/Pods-StanwoodCore_Example/Pods-StanwoodCore_Example-frameworks.sh",
				"${BUILT_PRODUCTS_DIR}/Down/Down.framework",
				"${BUILT_PRODUCTS_DIR}/GTMSessionFetcher/GTMSessionFetcher.framework",
				"${BUILT_PRODUCTS_DIR}/GoogleToolboxForMac/GoogleToolboxForMac.framework",
				"${BUILT_PRODUCTS_DIR}/SourceModel/SourceModel.framework",
				"${BUILT_PRODUCTS_DIR}/StanwoodCore/StanwoodCore.framework",
				"${BUILT_PRODUCTS_DIR}/StanwoodUITestingCore/StanwoodUITestingCore.framework",
				"${BUILT_PRODUCTS_DIR}/leveldb-library/leveldb.framework",
				"${BUILT_PRODUCTS_DIR}/nanopb/nanopb.framework",
			);
			name = "[CP] Embed Pods Frameworks";
			outputPaths = (
				"${TARGET_BUILD_DIR}/${FRAMEWORKS_FOLDER_PATH}/Down.framework",
				"${TARGET_BUILD_DIR}/${FRAMEWORKS_FOLDER_PATH}/GTMSessionFetcher.framework",
				"${TARGET_BUILD_DIR}/${FRAMEWORKS_FOLDER_PATH}/GoogleToolboxForMac.framework",
				"${TARGET_BUILD_DIR}/${FRAMEWORKS_FOLDER_PATH}/SourceModel.framework",
				"${TARGET_BUILD_DIR}/${FRAMEWORKS_FOLDER_PATH}/StanwoodCore.framework",
				"${TARGET_BUILD_DIR}/${FRAMEWORKS_FOLDER_PATH}/StanwoodUITestingCore.framework",
				"${TARGET_BUILD_DIR}/${FRAMEWORKS_FOLDER_PATH}/leveldb.framework",
				"${TARGET_BUILD_DIR}/${FRAMEWORKS_FOLDER_PATH}/nanopb.framework",
			);
			runOnlyForDeploymentPostprocessing = 0;
			shellPath = /bin/sh;
			shellScript = "\"${PODS_ROOT}/Target Support Files/Pods-StanwoodCore_Example/Pods-StanwoodCore_Example-frameworks.sh\"\n";
			showEnvVarsInLog = 0;
		};
		A7182EA1AAE12BF0E602311E /* [CP] Check Pods Manifest.lock */ = {
			isa = PBXShellScriptBuildPhase;
			buildActionMask = 2147483647;
			files = (
			);
			inputPaths = (
				"${PODS_PODFILE_DIR_PATH}/Podfile.lock",
				"${PODS_ROOT}/Manifest.lock",
			);
			name = "[CP] Check Pods Manifest.lock";
			outputPaths = (
				"$(DERIVED_FILE_DIR)/Pods-StanwoodCore_Tests-checkManifestLockResult.txt",
			);
			runOnlyForDeploymentPostprocessing = 0;
			shellPath = /bin/sh;
			shellScript = "diff \"${PODS_PODFILE_DIR_PATH}/Podfile.lock\" \"${PODS_ROOT}/Manifest.lock\" > /dev/null\nif [ $? != 0 ] ; then\n    # print error to STDERR\n    echo \"error: The sandbox is not in sync with the Podfile.lock. Run 'pod install' or update your CocoaPods installation.\" >&2\n    exit 1\nfi\n# This output is used by Xcode 'outputs' to avoid re-running this script phase.\necho \"SUCCESS\" > \"${SCRIPT_OUTPUT_FILE_0}\"\n";
			showEnvVarsInLog = 0;
		};
		F50CF50BFD48574897983D2D /* [CP] Embed Pods Frameworks */ = {
			isa = PBXShellScriptBuildPhase;
			buildActionMask = 2147483647;
			files = (
			);
			inputPaths = (
				"${PODS_ROOT}/Target Support Files/Pods-StanwoodCore_Tests/Pods-StanwoodCore_Tests-frameworks.sh",
				"${BUILT_PRODUCTS_DIR}/SourceModel/SourceModel.framework",
				"${BUILT_PRODUCTS_DIR}/StanwoodCore/StanwoodCore.framework",
				"${BUILT_PRODUCTS_DIR}/StanwoodUITestingCore/StanwoodUITestingCore.framework",
			);
			name = "[CP] Embed Pods Frameworks";
			outputPaths = (
				"${TARGET_BUILD_DIR}/${FRAMEWORKS_FOLDER_PATH}/SourceModel.framework",
				"${TARGET_BUILD_DIR}/${FRAMEWORKS_FOLDER_PATH}/StanwoodCore.framework",
				"${TARGET_BUILD_DIR}/${FRAMEWORKS_FOLDER_PATH}/StanwoodUITestingCore.framework",
			);
			runOnlyForDeploymentPostprocessing = 0;
			shellPath = /bin/sh;
			shellScript = "\"${PODS_ROOT}/Target Support Files/Pods-StanwoodCore_Tests/Pods-StanwoodCore_Tests-frameworks.sh\"\n";
			showEnvVarsInLog = 0;
		};
/* End PBXShellScriptBuildPhase section */

/* Begin PBXSourcesBuildPhase section */
		607FACCC1AFB9204008FA782 /* Sources */ = {
			isa = PBXSourcesBuildPhase;
			buildActionMask = 2147483647;
			files = (
				E0FF36C4223B6B4B00654C22 /* Header.swift in Sources */,
				E0FF36BF223B5C6100654C22 /* DetailTableViewCell.swift in Sources */,
				E02251B62241F621002AF88A /* TableViewController.swift in Sources */,
				6C414B632046DBCE00BC15B3 /* TableDelegate.swift in Sources */,
				6C226AAA2318104700A0A029 /* Item.swift in Sources */,
				607FACD81AFB9204008FA782 /* CoreExampleViewController.swift in Sources */,
				607FACD61AFB9204008FA782 /* AppDelegate.swift in Sources */,
				6C6C30DD213FDC4E00360AC7 /* TableDataSource.swift in Sources */,
			);
			runOnlyForDeploymentPostprocessing = 0;
		};
		607FACE11AFB9204008FA782 /* Sources */ = {
			isa = PBXSourcesBuildPhase;
			buildActionMask = 2147483647;
			files = (
				6CA768B61FF3989200611DA8 /* UIButtonTest.swift in Sources */,
				E02251B82241F683002AF88A /* DetailTableViewCell.swift in Sources */,
				6C226AAB2318105A00A0A029 /* Item.swift in Sources */,
				6C64BB791FFCC8DF008BEE98 /* LodableTest.swift in Sources */,
				6CA768BC1FF39FA700611DA8 /* UIColorTest.swift in Sources */,
				6CB66A3B201F4B0700C56C90 /* UITextFieldTest.swift in Sources */,
				6C21276821E8858B00A6B2F6 /* UIApplicationTest.swift in Sources */,
				6C21276621E7633900A6B2F6 /* StorageDirectoryTest.swift in Sources */,
				6CC3AFF220441BD500B6C492 /* LoadableOutlet.swift in Sources */,
				6CED89E62031879900729595 /* StringFormatTest.swift in Sources */,
				6C64BB811FFCD04F008BEE98 /* DataTypeTest.swift in Sources */,
				6CED89E420317CAE00729595 /* UIBarButtonItemTest.swift in Sources */,
				6C64BB7D1FFCC925008BEE98 /* LodableNib.swift in Sources */,
				6CA768B41FF3985B00611DA8 /* UILabelTest.swift in Sources */,
				6CA768B01FF3949D00611DA8 /* StringTests.swift in Sources */,
				6CA768BE1FF3A23F00611DA8 /* StorageTest.swift in Sources */,
				6CB66A39201F4AFB00C56C90 /* UISearchBarTest.swift in Sources */,
			);
			runOnlyForDeploymentPostprocessing = 0;
		};
/* End PBXSourcesBuildPhase section */

/* Begin PBXTargetDependency section */
		607FACE71AFB9204008FA782 /* PBXTargetDependency */ = {
			isa = PBXTargetDependency;
			target = 607FACCF1AFB9204008FA782 /* StanwoodCore_Example */;
			targetProxy = 607FACE61AFB9204008FA782 /* PBXContainerItemProxy */;
		};
/* End PBXTargetDependency section */

/* Begin PBXVariantGroup section */
		607FACD91AFB9204008FA782 /* Main.storyboard */ = {
			isa = PBXVariantGroup;
			children = (
				607FACDA1AFB9204008FA782 /* Base */,
			);
			name = Main.storyboard;
			sourceTree = "<group>";
		};
		607FACDE1AFB9204008FA782 /* LaunchScreen.xib */ = {
			isa = PBXVariantGroup;
			children = (
				607FACDF1AFB9204008FA782 /* Base */,
			);
			name = LaunchScreen.xib;
			sourceTree = "<group>";
		};
		6CA768B91FF3995900611DA8 /* Localizable.strings */ = {
			isa = PBXVariantGroup;
			children = (
				6CA768B81FF3995900611DA8 /* en */,
			);
			name = Localizable.strings;
			sourceTree = "<group>";
		};
/* End PBXVariantGroup section */

/* Begin XCBuildConfiguration section */
		607FACED1AFB9204008FA782 /* Debug */ = {
			isa = XCBuildConfiguration;
			buildSettings = {
				ALWAYS_SEARCH_USER_PATHS = NO;
				CLANG_CXX_LANGUAGE_STANDARD = "gnu++0x";
				CLANG_CXX_LIBRARY = "libc++";
				CLANG_ENABLE_MODULES = YES;
				CLANG_ENABLE_OBJC_ARC = YES;
				CLANG_WARN_BLOCK_CAPTURE_AUTORELEASING = YES;
				CLANG_WARN_BOOL_CONVERSION = YES;
				CLANG_WARN_COMMA = YES;
				CLANG_WARN_CONSTANT_CONVERSION = YES;
				CLANG_WARN_DIRECT_OBJC_ISA_USAGE = YES_ERROR;
				CLANG_WARN_EMPTY_BODY = YES;
				CLANG_WARN_ENUM_CONVERSION = YES;
				CLANG_WARN_INFINITE_RECURSION = YES;
				CLANG_WARN_INT_CONVERSION = YES;
				CLANG_WARN_NON_LITERAL_NULL_CONVERSION = YES;
				CLANG_WARN_OBJC_LITERAL_CONVERSION = YES;
				CLANG_WARN_OBJC_ROOT_CLASS = YES_ERROR;
				CLANG_WARN_RANGE_LOOP_ANALYSIS = YES;
				CLANG_WARN_STRICT_PROTOTYPES = YES;
				CLANG_WARN_SUSPICIOUS_MOVE = YES;
				CLANG_WARN_UNREACHABLE_CODE = YES;
				CLANG_WARN__DUPLICATE_METHOD_MATCH = YES;
				"CODE_SIGN_IDENTITY[sdk=iphoneos*]" = "iPhone Developer";
				COPY_PHASE_STRIP = NO;
				DEBUG_INFORMATION_FORMAT = "dwarf-with-dsym";
				ENABLE_STRICT_OBJC_MSGSEND = YES;
				ENABLE_TESTABILITY = YES;
				GCC_C_LANGUAGE_STANDARD = gnu99;
				GCC_DYNAMIC_NO_PIC = NO;
				GCC_NO_COMMON_BLOCKS = YES;
				GCC_OPTIMIZATION_LEVEL = 0;
				GCC_PREPROCESSOR_DEFINITIONS = (
					"DEBUG=1",
					"$(inherited)",
				);
				GCC_SYMBOLS_PRIVATE_EXTERN = NO;
				GCC_WARN_64_TO_32_BIT_CONVERSION = YES;
				GCC_WARN_ABOUT_RETURN_TYPE = YES_ERROR;
				GCC_WARN_UNDECLARED_SELECTOR = YES;
				GCC_WARN_UNINITIALIZED_AUTOS = YES_AGGRESSIVE;
				GCC_WARN_UNUSED_FUNCTION = YES;
				GCC_WARN_UNUSED_VARIABLE = YES;
				IPHONEOS_DEPLOYMENT_TARGET = 10.0;
				MTL_ENABLE_DEBUG_INFO = YES;
				ONLY_ACTIVE_ARCH = YES;
				SDKROOT = iphoneos;
				SWIFT_OPTIMIZATION_LEVEL = "-Onone";
			};
			name = Debug;
		};
		607FACEE1AFB9204008FA782 /* Release */ = {
			isa = XCBuildConfiguration;
			buildSettings = {
				ALWAYS_SEARCH_USER_PATHS = NO;
				CLANG_CXX_LANGUAGE_STANDARD = "gnu++0x";
				CLANG_CXX_LIBRARY = "libc++";
				CLANG_ENABLE_MODULES = YES;
				CLANG_ENABLE_OBJC_ARC = YES;
				CLANG_WARN_BLOCK_CAPTURE_AUTORELEASING = YES;
				CLANG_WARN_BOOL_CONVERSION = YES;
				CLANG_WARN_COMMA = YES;
				CLANG_WARN_CONSTANT_CONVERSION = YES;
				CLANG_WARN_DIRECT_OBJC_ISA_USAGE = YES_ERROR;
				CLANG_WARN_EMPTY_BODY = YES;
				CLANG_WARN_ENUM_CONVERSION = YES;
				CLANG_WARN_INFINITE_RECURSION = YES;
				CLANG_WARN_INT_CONVERSION = YES;
				CLANG_WARN_NON_LITERAL_NULL_CONVERSION = YES;
				CLANG_WARN_OBJC_LITERAL_CONVERSION = YES;
				CLANG_WARN_OBJC_ROOT_CLASS = YES_ERROR;
				CLANG_WARN_RANGE_LOOP_ANALYSIS = YES;
				CLANG_WARN_STRICT_PROTOTYPES = YES;
				CLANG_WARN_SUSPICIOUS_MOVE = YES;
				CLANG_WARN_UNREACHABLE_CODE = YES;
				CLANG_WARN__DUPLICATE_METHOD_MATCH = YES;
				"CODE_SIGN_IDENTITY[sdk=iphoneos*]" = "iPhone Developer";
				COPY_PHASE_STRIP = NO;
				DEBUG_INFORMATION_FORMAT = "dwarf-with-dsym";
				ENABLE_NS_ASSERTIONS = NO;
				ENABLE_STRICT_OBJC_MSGSEND = YES;
				GCC_C_LANGUAGE_STANDARD = gnu99;
				GCC_NO_COMMON_BLOCKS = YES;
				GCC_WARN_64_TO_32_BIT_CONVERSION = YES;
				GCC_WARN_ABOUT_RETURN_TYPE = YES_ERROR;
				GCC_WARN_UNDECLARED_SELECTOR = YES;
				GCC_WARN_UNINITIALIZED_AUTOS = YES_AGGRESSIVE;
				GCC_WARN_UNUSED_FUNCTION = YES;
				GCC_WARN_UNUSED_VARIABLE = YES;
				IPHONEOS_DEPLOYMENT_TARGET = 10.0;
				MTL_ENABLE_DEBUG_INFO = NO;
				SDKROOT = iphoneos;
				SWIFT_OPTIMIZATION_LEVEL = "-Owholemodule";
				VALIDATE_PRODUCT = YES;
			};
			name = Release;
		};
		607FACF01AFB9204008FA782 /* Debug */ = {
			isa = XCBuildConfiguration;
			baseConfigurationReference = 0C82866CADB323E6D0A854C0 /* Pods-StanwoodCore_Example.debug.xcconfig */;
			buildSettings = {
				ASSETCATALOG_COMPILER_APPICON_NAME = AppIcon;
				DEVELOPMENT_TEAM = E695UC6Q3Q;
				INFOPLIST_FILE = StanwoodCore/Info.plist;
				IPHONEOS_DEPLOYMENT_TARGET = 11.0;
				LD_RUNPATH_SEARCH_PATHS = "$(inherited) @executable_path/Frameworks";
				MODULE_NAME = ExampleApp;
				OTHER_SWIFT_FLAGS = "$(inherited) \"-D\" \"COCOAPODS\" -DDEBUG";
				PRODUCT_BUNDLE_IDENTIFIER = "de.stanwood.stanwood-core";
				PRODUCT_NAME = "$(TARGET_NAME)";
				SWIFT_VERSION = 4.2;
			};
			name = Debug;
		};
		607FACF11AFB9204008FA782 /* Release */ = {
			isa = XCBuildConfiguration;
			baseConfigurationReference = 83428A95911DFEE39512B36C /* Pods-StanwoodCore_Example.release.xcconfig */;
			buildSettings = {
				ASSETCATALOG_COMPILER_APPICON_NAME = AppIcon;
				DEVELOPMENT_TEAM = E695UC6Q3Q;
				INFOPLIST_FILE = StanwoodCore/Info.plist;
				IPHONEOS_DEPLOYMENT_TARGET = 11.0;
				LD_RUNPATH_SEARCH_PATHS = "$(inherited) @executable_path/Frameworks";
				MODULE_NAME = ExampleApp;
				OTHER_SWIFT_FLAGS = "$(inherited) \"-D\" \"COCOAPODS\"";
				PRODUCT_BUNDLE_IDENTIFIER = "de.stanwood.stanwood-core";
				PRODUCT_NAME = "$(TARGET_NAME)";
				SWIFT_VERSION = 4.2;
			};
			name = Release;
		};
		607FACF31AFB9204008FA782 /* Debug */ = {
			isa = XCBuildConfiguration;
			baseConfigurationReference = 0CC045B34A72A866300360AF /* Pods-StanwoodCore_Tests.debug.xcconfig */;
			buildSettings = {
				CLANG_ENABLE_MODULES = YES;
				FRAMEWORK_SEARCH_PATHS = (
					"$(SDKROOT)/Developer/Library/Frameworks",
					"$(inherited)",
				);
				GCC_PREPROCESSOR_DEFINITIONS = (
					"DEBUG=1",
					"$(inherited)",
				);
				INFOPLIST_FILE = Tests/Info.plist;
				LD_RUNPATH_SEARCH_PATHS = "$(inherited) @executable_path/Frameworks @loader_path/Frameworks";
				PRODUCT_BUNDLE_IDENTIFIER = "org.cocoapods.$(PRODUCT_NAME:rfc1034identifier)";
				PRODUCT_NAME = "$(TARGET_NAME)";
				SWIFT_OBJC_BRIDGING_HEADER = "Tests/StanwoodCore_Tests-Bridging-Header.h";
				SWIFT_OPTIMIZATION_LEVEL = "-Onone";
				SWIFT_VERSION = 4.2;
				TEST_HOST = "$(BUILT_PRODUCTS_DIR)/StanwoodCore_Example.app/StanwoodCore_Example";
			};
			name = Debug;
		};
		607FACF41AFB9204008FA782 /* Release */ = {
			isa = XCBuildConfiguration;
			baseConfigurationReference = C8CCA3216D91EC9C07D5C8CC /* Pods-StanwoodCore_Tests.release.xcconfig */;
			buildSettings = {
				CLANG_ENABLE_MODULES = YES;
				FRAMEWORK_SEARCH_PATHS = (
					"$(SDKROOT)/Developer/Library/Frameworks",
					"$(inherited)",
				);
				INFOPLIST_FILE = Tests/Info.plist;
				LD_RUNPATH_SEARCH_PATHS = "$(inherited) @executable_path/Frameworks @loader_path/Frameworks";
				PRODUCT_BUNDLE_IDENTIFIER = "org.cocoapods.$(PRODUCT_NAME:rfc1034identifier)";
				PRODUCT_NAME = "$(TARGET_NAME)";
				SWIFT_OBJC_BRIDGING_HEADER = "Tests/StanwoodCore_Tests-Bridging-Header.h";
				SWIFT_VERSION = 4.2;
				TEST_HOST = "$(BUILT_PRODUCTS_DIR)/StanwoodCore_Example.app/StanwoodCore_Example";
			};
			name = Release;
		};
/* End XCBuildConfiguration section */

/* Begin XCConfigurationList section */
		607FACCB1AFB9204008FA782 /* Build configuration list for PBXProject "StanwoodCore" */ = {
			isa = XCConfigurationList;
			buildConfigurations = (
				607FACED1AFB9204008FA782 /* Debug */,
				607FACEE1AFB9204008FA782 /* Release */,
			);
			defaultConfigurationIsVisible = 0;
			defaultConfigurationName = Release;
		};
		607FACEF1AFB9204008FA782 /* Build configuration list for PBXNativeTarget "StanwoodCore_Example" */ = {
			isa = XCConfigurationList;
			buildConfigurations = (
				607FACF01AFB9204008FA782 /* Debug */,
				607FACF11AFB9204008FA782 /* Release */,
			);
			defaultConfigurationIsVisible = 0;
			defaultConfigurationName = Release;
		};
		607FACF21AFB9204008FA782 /* Build configuration list for PBXNativeTarget "StanwoodCore_Tests" */ = {
			isa = XCConfigurationList;
			buildConfigurations = (
				607FACF31AFB9204008FA782 /* Debug */,
				607FACF41AFB9204008FA782 /* Release */,
			);
			defaultConfigurationIsVisible = 0;
			defaultConfigurationName = Release;
		};
/* End XCConfigurationList section */
	};
	rootObject = 607FACC81AFB9204008FA782 /* Project object */;
}
