// !$*UTF8*$!
{
	archiveVersion = 1;
	classes = {
	};
	objectVersion = 50;
	objects = {

/* Begin PBXBuildFile section */
		0E289D8FF27FA76F136E5E1C /* Pods_Stanwood_Arch_Demo.framework in Frameworks */ = {isa = PBXBuildFile; fileRef = 8FB80C12168DEA063FEED0A5 /* Pods_Stanwood_Arch_Demo.framework */; };
		3EA111FACCF68678BD261009 /* Pods_Stanwood_Arch_DemoUITests.framework in Frameworks */ = {isa = PBXBuildFile; fileRef = 0EBBEF2CB883CAD52B8A8C2D /* Pods_Stanwood_Arch_DemoUITests.framework */; };
		6240E21A215DFA1F000DB040 /* DataProvider.swift in Sources */ = {isa = PBXBuildFile; fileRef = 6240E219215DFA1F000DB040 /* DataProvider.swift */; };
		6240E21C215DFAA9000DB040 /* NetworkManager.swift in Sources */ = {isa = PBXBuildFile; fileRef = 6240E21B215DFAA9000DB040 /* NetworkManager.swift */; };
		6240E21E215DFD5B000DB040 /* URL+Extension.swift in Sources */ = {isa = PBXBuildFile; fileRef = 6240E21D215DFD5B000DB040 /* URL+Extension.swift */; };
		6240E220215DFD8F000DB040 /* Dictionary+Extension.swift in Sources */ = {isa = PBXBuildFile; fileRef = 6240E21F215DFD8F000DB040 /* Dictionary+Extension.swift */; };
		6240E230215E09DC000DB040 /* Storyboard+Extension.swift in Sources */ = {isa = PBXBuildFile; fileRef = 6240E22F215E09DC000DB040 /* Storyboard+Extension.swift */; };
		6240E24F215E0C04000DB040 /* MainControllerActionable.swift in Sources */ = {isa = PBXBuildFile; fileRef = 6240E249215E0C04000DB040 /* MainControllerActionable.swift */; };
		6240E250215E0C04000DB040 /* MainControllerParameterable.swift in Sources */ = {isa = PBXBuildFile; fileRef = 6240E24A215E0C04000DB040 /* MainControllerParameterable.swift */; };
		6240E251215E0C04000DB040 /* MainControllerPresenter.swift in Sources */ = {isa = PBXBuildFile; fileRef = 6240E24B215E0C04000DB040 /* MainControllerPresenter.swift */; };
		6240E252215E0C04000DB040 /* MainControllerViewController.storyboard in Resources */ = {isa = PBXBuildFile; fileRef = 6240E24C215E0C04000DB040 /* MainControllerViewController.storyboard */; };
		6240E253215E0C04000DB040 /* MainControllerViewController.swift in Sources */ = {isa = PBXBuildFile; fileRef = 6240E24D215E0C04000DB040 /* MainControllerViewController.swift */; };
		6240E254215E0C04000DB040 /* MainControllerWireframe.swift in Sources */ = {isa = PBXBuildFile; fileRef = 6240E24E215E0C04000DB040 /* MainControllerWireframe.swift */; };
		6240E25E215E0CAE000DB040 /* DisplayControllerActionable.swift in Sources */ = {isa = PBXBuildFile; fileRef = 6240E256215E0CAE000DB040 /* DisplayControllerActionable.swift */; };
		6240E25F215E0CAE000DB040 /* DisplayControllerDataSource.swift in Sources */ = {isa = PBXBuildFile; fileRef = 6240E257215E0CAE000DB040 /* DisplayControllerDataSource.swift */; };
		6240E260215E0CAE000DB040 /* DisplayControllerParameterable.swift in Sources */ = {isa = PBXBuildFile; fileRef = 6240E258215E0CAE000DB040 /* DisplayControllerParameterable.swift */; };
		6240E261215E0CAE000DB040 /* DisplayControllerPresenter.swift in Sources */ = {isa = PBXBuildFile; fileRef = 6240E259215E0CAE000DB040 /* DisplayControllerPresenter.swift */; };
		6240E262215E0CAE000DB040 /* DisplayControllerViewController.storyboard in Resources */ = {isa = PBXBuildFile; fileRef = 6240E25A215E0CAE000DB040 /* DisplayControllerViewController.storyboard */; };
		6240E263215E0CAE000DB040 /* DisplayControllerViewController.swift in Sources */ = {isa = PBXBuildFile; fileRef = 6240E25B215E0CAE000DB040 /* DisplayControllerViewController.swift */; };
		6240E264215E0CAE000DB040 /* DisplayControllerViewDelegate.swift in Sources */ = {isa = PBXBuildFile; fileRef = 6240E25C215E0CAE000DB040 /* DisplayControllerViewDelegate.swift */; };
		6240E265215E0CAE000DB040 /* DisplayControllerWireframe.swift in Sources */ = {isa = PBXBuildFile; fileRef = 6240E25D215E0CAE000DB040 /* DisplayControllerWireframe.swift */; };
		6240E267215E0EC1000DB040 /* FunkyObject.swift in Sources */ = {isa = PBXBuildFile; fileRef = 6240E266215E0EC1000DB040 /* FunkyObject.swift */; };
		6240E269215E0ECF000DB040 /* FunkyObjects.swift in Sources */ = {isa = PBXBuildFile; fileRef = 6240E268215E0ECF000DB040 /* FunkyObjects.swift */; };
		6240E270215E1CBB000DB040 /* DisplayContentCell.swift in Sources */ = {isa = PBXBuildFile; fileRef = 6240E26E215E1CBB000DB040 /* DisplayContentCell.swift */; };
		6240E271215E1CBB000DB040 /* DisplayContentCell.xib in Resources */ = {isa = PBXBuildFile; fileRef = 6240E26F215E1CBB000DB040 /* DisplayContentCell.xib */; };
		6240E273215E2D5E000DB040 /* UICollectionViewCell+Extension.swift in Sources */ = {isa = PBXBuildFile; fileRef = 6240E272215E2D5E000DB040 /* UICollectionViewCell+Extension.swift */; };
		6240E288215E2F88000DB040 /* DetailCell.swift in Sources */ = {isa = PBXBuildFile; fileRef = 6240E286215E2F88000DB040 /* DetailCell.swift */; };
		6240E289215E2F88000DB040 /* DetailCell.xib in Resources */ = {isa = PBXBuildFile; fileRef = 6240E287215E2F88000DB040 /* DetailCell.xib */; };
		6240E28C215E3150000DB040 /* AwesomeDisplayItem.swift in Sources */ = {isa = PBXBuildFile; fileRef = 6240E28B215E3150000DB040 /* AwesomeDisplayItem.swift */; };
		6240E28E215E316D000DB040 /* AwesomeDisplayItems.swift in Sources */ = {isa = PBXBuildFile; fileRef = 6240E28D215E316D000DB040 /* AwesomeDisplayItems.swift */; };
		6240E297215E31B8000DB040 /* DetailCollectionActionable.swift in Sources */ = {isa = PBXBuildFile; fileRef = 6240E28F215E31B8000DB040 /* DetailCollectionActionable.swift */; };
		6240E298215E31B8000DB040 /* DetailCollectionDataSource.swift in Sources */ = {isa = PBXBuildFile; fileRef = 6240E290215E31B8000DB040 /* DetailCollectionDataSource.swift */; };
		6240E299215E31B8000DB040 /* DetailCollectionParameterable.swift in Sources */ = {isa = PBXBuildFile; fileRef = 6240E291215E31B8000DB040 /* DetailCollectionParameterable.swift */; };
		6240E29A215E31B8000DB040 /* DetailCollectionPresenter.swift in Sources */ = {isa = PBXBuildFile; fileRef = 6240E292215E31B8000DB040 /* DetailCollectionPresenter.swift */; };
		6240E29B215E31B8000DB040 /* DetailCollectionViewController.storyboard in Resources */ = {isa = PBXBuildFile; fileRef = 6240E293215E31B8000DB040 /* DetailCollectionViewController.storyboard */; };
		6240E29C215E31B8000DB040 /* DetailCollectionViewController.swift in Sources */ = {isa = PBXBuildFile; fileRef = 6240E294215E31B8000DB040 /* DetailCollectionViewController.swift */; };
		6240E29D215E31B8000DB040 /* DetailCollectionViewDelegate.swift in Sources */ = {isa = PBXBuildFile; fileRef = 6240E295215E31B8000DB040 /* DetailCollectionViewDelegate.swift */; };
		6240E29E215E31B8000DB040 /* DetailCollectionWireframe.swift in Sources */ = {isa = PBXBuildFile; fileRef = 6240E296215E31B8000DB040 /* DetailCollectionWireframe.swift */; };
		6240E2A3215E4D1B000DB040 /* Temp.xib in Resources */ = {isa = PBXBuildFile; fileRef = 6240E2A2215E4D1B000DB040 /* Temp.xib */; };
		6272B79D215CB5C00010ABDD /* Assets.xcassets in Resources */ = {isa = PBXBuildFile; fileRef = 6272B79C215CB5C00010ABDD /* Assets.xcassets */; };
		6272B7A0215CB5C00010ABDD /* LaunchScreen.storyboard in Resources */ = {isa = PBXBuildFile; fileRef = 6272B79E215CB5C00010ABDD /* LaunchScreen.storyboard */; };
		6272B7C6215CB7CE0010ABDD /* UIViewController+Extension.swift in Sources */ = {isa = PBXBuildFile; fileRef = 6272B7C5215CB7CE0010ABDD /* UIViewController+Extension.swift */; };
		6272B7C9215CB8190010ABDD /* AlertManager.swift in Sources */ = {isa = PBXBuildFile; fileRef = 6272B7C8215CB8190010ABDD /* AlertManager.swift */; };
		6272B7CF215CB8DD0010ABDD /* Analytics.swift in Sources */ = {isa = PBXBuildFile; fileRef = 6272B7CE215CB8DD0010ABDD /* Analytics.swift */; };
		6272B7D9215CBC360010ABDD /* Configurations.swift in Sources */ = {isa = PBXBuildFile; fileRef = 6272B7D0215CBC360010ABDD /* Configurations.swift */; };
		6272B7DA215CBC360010ABDD /* Coordinator.swift in Sources */ = {isa = PBXBuildFile; fileRef = 6272B7D1215CBC360010ABDD /* Coordinator.swift */; };
		6272B7DB215CBC360010ABDD /* Coordinator+Extension.swift in Sources */ = {isa = PBXBuildFile; fileRef = 6272B7D2215CBC360010ABDD /* Coordinator+Extension.swift */; };
		6272B7DC215CBC360010ABDD /* AppDelegate.swift in Sources */ = {isa = PBXBuildFile; fileRef = 6272B7D3215CBC360010ABDD /* AppDelegate.swift */; };
		6272B7DD215CBC360010ABDD /* AppController.swift in Sources */ = {isa = PBXBuildFile; fileRef = 6272B7D4215CBC360010ABDD /* AppController.swift */; };
		6272B7DE215CBC360010ABDD /* AppData.swift in Sources */ = {isa = PBXBuildFile; fileRef = 6272B7D5215CBC360010ABDD /* AppData.swift */; };
		6272B7DF215CBC360010ABDD /* Constants.swift in Sources */ = {isa = PBXBuildFile; fileRef = 6272B7D6215CBC360010ABDD /* Constants.swift */; };
		6272B7E0215CBC360010ABDD /* Parameters.swift in Sources */ = {isa = PBXBuildFile; fileRef = 6272B7D7215CBC360010ABDD /* Parameters.swift */; };
		6272B7E1215CBC360010ABDD /* Actions.swift in Sources */ = {isa = PBXBuildFile; fileRef = 6272B7D8215CBC360010ABDD /* Actions.swift */; };
		6272B7E3215CC9AE0010ABDD /* LocationManager.swift in Sources */ = {isa = PBXBuildFile; fileRef = 6272B7E2215CC9AE0010ABDD /* LocationManager.swift */; };
		6272B7E5215CCACB0010ABDD /* RequestManager.swift in Sources */ = {isa = PBXBuildFile; fileRef = 6272B7E4215CCACB0010ABDD /* RequestManager.swift */; };
		6272B7E7215CCB9C0010ABDD /* ActionManager.swift in Sources */ = {isa = PBXBuildFile; fileRef = 6272B7E6215CCB9C0010ABDD /* ActionManager.swift */; };
		B271F47B28C02AD3CE1B0785 /* Pods_Stanwood_Arch_DemoTests.framework in Frameworks */ = {isa = PBXBuildFile; fileRef = AE987558B8C73B852A427FEA /* Pods_Stanwood_Arch_DemoTests.framework */; };
/* End PBXBuildFile section */

/* Begin PBXContainerItemProxy section */
		6272B7A7215CB5C00010ABDD /* PBXContainerItemProxy */ = {
			isa = PBXContainerItemProxy;
			containerPortal = 6272B78A215CB5BE0010ABDD /* Project object */;
			proxyType = 1;
			remoteGlobalIDString = 6272B791215CB5BE0010ABDD;
			remoteInfo = "Stanwood Arch Demo";
		};
		6272B7B2215CB5C00010ABDD /* PBXContainerItemProxy */ = {
			isa = PBXContainerItemProxy;
			containerPortal = 6272B78A215CB5BE0010ABDD /* Project object */;
			proxyType = 1;
			remoteGlobalIDString = 6272B791215CB5BE0010ABDD;
			remoteInfo = "Stanwood Arch Demo";
		};
/* End PBXContainerItemProxy section */

/* Begin PBXFileReference section */
		0EBBEF2CB883CAD52B8A8C2D /* Pods_Stanwood_Arch_DemoUITests.framework */ = {isa = PBXFileReference; explicitFileType = wrapper.framework; includeInIndex = 0; path = Pods_Stanwood_Arch_DemoUITests.framework; sourceTree = BUILT_PRODUCTS_DIR; };
		1B0602AA4DACE4F1391B2E51 /* Pods-Stanwood Arch Demo.debug.xcconfig */ = {isa = PBXFileReference; includeInIndex = 1; lastKnownFileType = text.xcconfig; name = "Pods-Stanwood Arch Demo.debug.xcconfig"; path = "Pods/Target Support Files/Pods-Stanwood Arch Demo/Pods-Stanwood Arch Demo.debug.xcconfig"; sourceTree = "<group>"; };
		1D5C9A8F260DE81FF33D96A8 /* Pods-Stanwood Arch Demo.release.xcconfig */ = {isa = PBXFileReference; includeInIndex = 1; lastKnownFileType = text.xcconfig; name = "Pods-Stanwood Arch Demo.release.xcconfig"; path = "Pods/Target Support Files/Pods-Stanwood Arch Demo/Pods-Stanwood Arch Demo.release.xcconfig"; sourceTree = "<group>"; };
		22CB283A53BDC94604B38A7B /* Pods-Stanwood Arch DemoUITests.debug.xcconfig */ = {isa = PBXFileReference; includeInIndex = 1; lastKnownFileType = text.xcconfig; name = "Pods-Stanwood Arch DemoUITests.debug.xcconfig"; path = "Pods/Target Support Files/Pods-Stanwood Arch DemoUITests/Pods-Stanwood Arch DemoUITests.debug.xcconfig"; sourceTree = "<group>"; };
		3C6872EB575AD209A4A0A842 /* Pods-Stanwood Arch DemoTests.debug.xcconfig */ = {isa = PBXFileReference; includeInIndex = 1; lastKnownFileType = text.xcconfig; name = "Pods-Stanwood Arch DemoTests.debug.xcconfig"; path = "Pods/Target Support Files/Pods-Stanwood Arch DemoTests/Pods-Stanwood Arch DemoTests.debug.xcconfig"; sourceTree = "<group>"; };
		6240E215215DF6DA000DB040 /* Stanwood Arch Demo-Bridging-Header.h */ = {isa = PBXFileReference; lastKnownFileType = sourcecode.c.h; path = "Stanwood Arch Demo-Bridging-Header.h"; sourceTree = "<group>"; };
		6240E219215DFA1F000DB040 /* DataProvider.swift */ = {isa = PBXFileReference; fileEncoding = 4; lastKnownFileType = sourcecode.swift; path = DataProvider.swift; sourceTree = "<group>"; };
		6240E21B215DFAA9000DB040 /* NetworkManager.swift */ = {isa = PBXFileReference; fileEncoding = 4; lastKnownFileType = sourcecode.swift; path = NetworkManager.swift; sourceTree = "<group>"; };
		6240E21D215DFD5B000DB040 /* URL+Extension.swift */ = {isa = PBXFileReference; lastKnownFileType = sourcecode.swift; path = "URL+Extension.swift"; sourceTree = "<group>"; };
		6240E21F215DFD8F000DB040 /* Dictionary+Extension.swift */ = {isa = PBXFileReference; lastKnownFileType = sourcecode.swift; path = "Dictionary+Extension.swift"; sourceTree = "<group>"; };
		6240E22F215E09DC000DB040 /* Storyboard+Extension.swift */ = {isa = PBXFileReference; lastKnownFileType = sourcecode.swift; path = "Storyboard+Extension.swift"; sourceTree = "<group>"; };
		6240E249215E0C04000DB040 /* MainControllerActionable.swift */ = {isa = PBXFileReference; lastKnownFileType = sourcecode.swift; path = MainControllerActionable.swift; sourceTree = "<group>"; };
		6240E24A215E0C04000DB040 /* MainControllerParameterable.swift */ = {isa = PBXFileReference; lastKnownFileType = sourcecode.swift; path = MainControllerParameterable.swift; sourceTree = "<group>"; };
		6240E24B215E0C04000DB040 /* MainControllerPresenter.swift */ = {isa = PBXFileReference; lastKnownFileType = sourcecode.swift; path = MainControllerPresenter.swift; sourceTree = "<group>"; };
		6240E24C215E0C04000DB040 /* MainControllerViewController.storyboard */ = {isa = PBXFileReference; lastKnownFileType = file.storyboard; path = MainControllerViewController.storyboard; sourceTree = "<group>"; };
		6240E24D215E0C04000DB040 /* MainControllerViewController.swift */ = {isa = PBXFileReference; lastKnownFileType = sourcecode.swift; path = MainControllerViewController.swift; sourceTree = "<group>"; };
		6240E24E215E0C04000DB040 /* MainControllerWireframe.swift */ = {isa = PBXFileReference; lastKnownFileType = sourcecode.swift; path = MainControllerWireframe.swift; sourceTree = "<group>"; };
		6240E256215E0CAE000DB040 /* DisplayControllerActionable.swift */ = {isa = PBXFileReference; lastKnownFileType = sourcecode.swift; path = DisplayControllerActionable.swift; sourceTree = "<group>"; };
		6240E257215E0CAE000DB040 /* DisplayControllerDataSource.swift */ = {isa = PBXFileReference; lastKnownFileType = sourcecode.swift; path = DisplayControllerDataSource.swift; sourceTree = "<group>"; };
		6240E258215E0CAE000DB040 /* DisplayControllerParameterable.swift */ = {isa = PBXFileReference; lastKnownFileType = sourcecode.swift; path = DisplayControllerParameterable.swift; sourceTree = "<group>"; };
		6240E259215E0CAE000DB040 /* DisplayControllerPresenter.swift */ = {isa = PBXFileReference; lastKnownFileType = sourcecode.swift; path = DisplayControllerPresenter.swift; sourceTree = "<group>"; };
		6240E25A215E0CAE000DB040 /* DisplayControllerViewController.storyboard */ = {isa = PBXFileReference; lastKnownFileType = file.storyboard; path = DisplayControllerViewController.storyboard; sourceTree = "<group>"; };
		6240E25B215E0CAE000DB040 /* DisplayControllerViewController.swift */ = {isa = PBXFileReference; lastKnownFileType = sourcecode.swift; path = DisplayControllerViewController.swift; sourceTree = "<group>"; };
		6240E25C215E0CAE000DB040 /* DisplayControllerViewDelegate.swift */ = {isa = PBXFileReference; lastKnownFileType = sourcecode.swift; path = DisplayControllerViewDelegate.swift; sourceTree = "<group>"; };
		6240E25D215E0CAE000DB040 /* DisplayControllerWireframe.swift */ = {isa = PBXFileReference; lastKnownFileType = sourcecode.swift; path = DisplayControllerWireframe.swift; sourceTree = "<group>"; };
		6240E266215E0EC1000DB040 /* FunkyObject.swift */ = {isa = PBXFileReference; lastKnownFileType = sourcecode.swift; path = FunkyObject.swift; sourceTree = "<group>"; };
		6240E268215E0ECF000DB040 /* FunkyObjects.swift */ = {isa = PBXFileReference; lastKnownFileType = sourcecode.swift; path = FunkyObjects.swift; sourceTree = "<group>"; };
		6240E26E215E1CBB000DB040 /* DisplayContentCell.swift */ = {isa = PBXFileReference; lastKnownFileType = sourcecode.swift; path = DisplayContentCell.swift; sourceTree = "<group>"; };
		6240E26F215E1CBB000DB040 /* DisplayContentCell.xib */ = {isa = PBXFileReference; lastKnownFileType = file.xib; path = DisplayContentCell.xib; sourceTree = "<group>"; };
		6240E272215E2D5E000DB040 /* UICollectionViewCell+Extension.swift */ = {isa = PBXFileReference; lastKnownFileType = sourcecode.swift; path = "UICollectionViewCell+Extension.swift"; sourceTree = "<group>"; };
		6240E286215E2F88000DB040 /* DetailCell.swift */ = {isa = PBXFileReference; lastKnownFileType = sourcecode.swift; path = DetailCell.swift; sourceTree = "<group>"; };
		6240E287215E2F88000DB040 /* DetailCell.xib */ = {isa = PBXFileReference; lastKnownFileType = file.xib; path = DetailCell.xib; sourceTree = "<group>"; };
		6240E28B215E3150000DB040 /* AwesomeDisplayItem.swift */ = {isa = PBXFileReference; lastKnownFileType = sourcecode.swift; path = AwesomeDisplayItem.swift; sourceTree = "<group>"; };
		6240E28D215E316D000DB040 /* AwesomeDisplayItems.swift */ = {isa = PBXFileReference; lastKnownFileType = sourcecode.swift; path = AwesomeDisplayItems.swift; sourceTree = "<group>"; };
		6240E28F215E31B8000DB040 /* DetailCollectionActionable.swift */ = {isa = PBXFileReference; lastKnownFileType = sourcecode.swift; path = DetailCollectionActionable.swift; sourceTree = "<group>"; };
		6240E290215E31B8000DB040 /* DetailCollectionDataSource.swift */ = {isa = PBXFileReference; lastKnownFileType = sourcecode.swift; path = DetailCollectionDataSource.swift; sourceTree = "<group>"; };
		6240E291215E31B8000DB040 /* DetailCollectionParameterable.swift */ = {isa = PBXFileReference; lastKnownFileType = sourcecode.swift; path = DetailCollectionParameterable.swift; sourceTree = "<group>"; };
		6240E292215E31B8000DB040 /* DetailCollectionPresenter.swift */ = {isa = PBXFileReference; lastKnownFileType = sourcecode.swift; path = DetailCollectionPresenter.swift; sourceTree = "<group>"; };
		6240E293215E31B8000DB040 /* DetailCollectionViewController.storyboard */ = {isa = PBXFileReference; lastKnownFileType = file.storyboard; path = DetailCollectionViewController.storyboard; sourceTree = "<group>"; };
		6240E294215E31B8000DB040 /* DetailCollectionViewController.swift */ = {isa = PBXFileReference; lastKnownFileType = sourcecode.swift; path = DetailCollectionViewController.swift; sourceTree = "<group>"; };
		6240E295215E31B8000DB040 /* DetailCollectionViewDelegate.swift */ = {isa = PBXFileReference; lastKnownFileType = sourcecode.swift; path = DetailCollectionViewDelegate.swift; sourceTree = "<group>"; };
		6240E296215E31B8000DB040 /* DetailCollectionWireframe.swift */ = {isa = PBXFileReference; lastKnownFileType = sourcecode.swift; path = DetailCollectionWireframe.swift; sourceTree = "<group>"; };
		6240E2A2215E4D1B000DB040 /* Temp.xib */ = {isa = PBXFileReference; lastKnownFileType = file.xib; path = Temp.xib; sourceTree = "<group>"; };
		6272B792215CB5BE0010ABDD /* Stanwood Arch Demo.app */ = {isa = PBXFileReference; explicitFileType = wrapper.application; includeInIndex = 0; path = "Stanwood Arch Demo.app"; sourceTree = BUILT_PRODUCTS_DIR; };
		6272B79C215CB5C00010ABDD /* Assets.xcassets */ = {isa = PBXFileReference; lastKnownFileType = folder.assetcatalog; path = Assets.xcassets; sourceTree = "<group>"; };
		6272B79F215CB5C00010ABDD /* Base */ = {isa = PBXFileReference; lastKnownFileType = file.storyboard; name = Base; path = Base.lproj/LaunchScreen.storyboard; sourceTree = "<group>"; };
		6272B7A1215CB5C00010ABDD /* Info.plist */ = {isa = PBXFileReference; lastKnownFileType = text.plist.xml; path = Info.plist; sourceTree = "<group>"; };
		6272B7A6215CB5C00010ABDD /* Stanwood Arch DemoTests.xctest */ = {isa = PBXFileReference; explicitFileType = wrapper.cfbundle; includeInIndex = 0; path = "Stanwood Arch DemoTests.xctest"; sourceTree = BUILT_PRODUCTS_DIR; };
		6272B7B1215CB5C00010ABDD /* Stanwood Arch DemoUITests.xctest */ = {isa = PBXFileReference; explicitFileType = wrapper.cfbundle; includeInIndex = 0; path = "Stanwood Arch DemoUITests.xctest"; sourceTree = BUILT_PRODUCTS_DIR; };
		6272B7C5215CB7CE0010ABDD /* UIViewController+Extension.swift */ = {isa = PBXFileReference; lastKnownFileType = sourcecode.swift; path = "UIViewController+Extension.swift"; sourceTree = "<group>"; };
		6272B7C8215CB8190010ABDD /* AlertManager.swift */ = {isa = PBXFileReference; lastKnownFileType = sourcecode.swift; path = AlertManager.swift; sourceTree = "<group>"; };
		6272B7CE215CB8DD0010ABDD /* Analytics.swift */ = {isa = PBXFileReference; lastKnownFileType = sourcecode.swift; path = Analytics.swift; sourceTree = "<group>"; };
		6272B7D0215CBC360010ABDD /* Configurations.swift */ = {isa = PBXFileReference; fileEncoding = 4; lastKnownFileType = sourcecode.swift; path = Configurations.swift; sourceTree = "<group>"; };
		6272B7D1215CBC360010ABDD /* Coordinator.swift */ = {isa = PBXFileReference; fileEncoding = 4; lastKnownFileType = sourcecode.swift; path = Coordinator.swift; sourceTree = "<group>"; };
		6272B7D2215CBC360010ABDD /* Coordinator+Extension.swift */ = {isa = PBXFileReference; fileEncoding = 4; lastKnownFileType = sourcecode.swift; path = "Coordinator+Extension.swift"; sourceTree = "<group>"; };
		6272B7D3215CBC360010ABDD /* AppDelegate.swift */ = {isa = PBXFileReference; fileEncoding = 4; lastKnownFileType = sourcecode.swift; name = AppDelegate.swift; path = ../../../../GLANew/GLAMOUR/Stanwood/AppDelegate.swift; sourceTree = "<group>"; };
		6272B7D4215CBC360010ABDD /* AppController.swift */ = {isa = PBXFileReference; fileEncoding = 4; lastKnownFileType = sourcecode.swift; path = AppController.swift; sourceTree = "<group>"; };
		6272B7D5215CBC360010ABDD /* AppData.swift */ = {isa = PBXFileReference; fileEncoding = 4; lastKnownFileType = sourcecode.swift; path = AppData.swift; sourceTree = "<group>"; };
		6272B7D6215CBC360010ABDD /* Constants.swift */ = {isa = PBXFileReference; fileEncoding = 4; lastKnownFileType = sourcecode.swift; path = Constants.swift; sourceTree = "<group>"; };
		6272B7D7215CBC360010ABDD /* Parameters.swift */ = {isa = PBXFileReference; fileEncoding = 4; lastKnownFileType = sourcecode.swift; path = Parameters.swift; sourceTree = "<group>"; };
		6272B7D8215CBC360010ABDD /* Actions.swift */ = {isa = PBXFileReference; fileEncoding = 4; lastKnownFileType = sourcecode.swift; path = Actions.swift; sourceTree = "<group>"; };
		6272B7E2215CC9AE0010ABDD /* LocationManager.swift */ = {isa = PBXFileReference; fileEncoding = 4; lastKnownFileType = sourcecode.swift; path = LocationManager.swift; sourceTree = "<group>"; };
		6272B7E4215CCACB0010ABDD /* RequestManager.swift */ = {isa = PBXFileReference; fileEncoding = 4; lastKnownFileType = sourcecode.swift; path = RequestManager.swift; sourceTree = "<group>"; };
		6272B7E6215CCB9C0010ABDD /* ActionManager.swift */ = {isa = PBXFileReference; fileEncoding = 4; lastKnownFileType = sourcecode.swift; path = ActionManager.swift; sourceTree = "<group>"; };
		8FB80C12168DEA063FEED0A5 /* Pods_Stanwood_Arch_Demo.framework */ = {isa = PBXFileReference; explicitFileType = wrapper.framework; includeInIndex = 0; path = Pods_Stanwood_Arch_Demo.framework; sourceTree = BUILT_PRODUCTS_DIR; };
		AC02B9B3A8E5F0A8654B7634 /* Pods-Stanwood Arch DemoTests.release.xcconfig */ = {isa = PBXFileReference; includeInIndex = 1; lastKnownFileType = text.xcconfig; name = "Pods-Stanwood Arch DemoTests.release.xcconfig"; path = "Pods/Target Support Files/Pods-Stanwood Arch DemoTests/Pods-Stanwood Arch DemoTests.release.xcconfig"; sourceTree = "<group>"; };
		AE987558B8C73B852A427FEA /* Pods_Stanwood_Arch_DemoTests.framework */ = {isa = PBXFileReference; explicitFileType = wrapper.framework; includeInIndex = 0; path = Pods_Stanwood_Arch_DemoTests.framework; sourceTree = BUILT_PRODUCTS_DIR; };
		CE8EC1AC04156ACA9DD3988A /* Pods-Stanwood Arch DemoUITests.release.xcconfig */ = {isa = PBXFileReference; includeInIndex = 1; lastKnownFileType = text.xcconfig; name = "Pods-Stanwood Arch DemoUITests.release.xcconfig"; path = "Pods/Target Support Files/Pods-Stanwood Arch DemoUITests/Pods-Stanwood Arch DemoUITests.release.xcconfig"; sourceTree = "<group>"; };
/* End PBXFileReference section */

/* Begin PBXFrameworksBuildPhase section */
		6272B78F215CB5BE0010ABDD /* Frameworks */ = {
			isa = PBXFrameworksBuildPhase;
			buildActionMask = 2147483647;
			files = (
				0E289D8FF27FA76F136E5E1C /* Pods_Stanwood_Arch_Demo.framework in Frameworks */,
			);
			runOnlyForDeploymentPostprocessing = 0;
		};
		6272B7A3215CB5C00010ABDD /* Frameworks */ = {
			isa = PBXFrameworksBuildPhase;
			buildActionMask = 2147483647;
			files = (
				B271F47B28C02AD3CE1B0785 /* Pods_Stanwood_Arch_DemoTests.framework in Frameworks */,
			);
			runOnlyForDeploymentPostprocessing = 0;
		};
		6272B7AE215CB5C00010ABDD /* Frameworks */ = {
			isa = PBXFrameworksBuildPhase;
			buildActionMask = 2147483647;
			files = (
				3EA111FACCF68678BD261009 /* Pods_Stanwood_Arch_DemoUITests.framework in Frameworks */,
			);
			runOnlyForDeploymentPostprocessing = 0;
		};
/* End PBXFrameworksBuildPhase section */

/* Begin PBXGroup section */
		6240E22D215E0520000DB040 /* MainController */ = {
			isa = PBXGroup;
			children = (
				6240E249215E0C04000DB040 /* MainControllerActionable.swift */,
				6240E24A215E0C04000DB040 /* MainControllerParameterable.swift */,
				6240E24B215E0C04000DB040 /* MainControllerPresenter.swift */,
				6240E24C215E0C04000DB040 /* MainControllerViewController.storyboard */,
				6240E24D215E0C04000DB040 /* MainControllerViewController.swift */,
				6240E24E215E0C04000DB040 /* MainControllerWireframe.swift */,
			);
			path = MainController;
			sourceTree = "<group>";
		};
		6240E22E215E09C6000DB040 /* Extensions */ = {
			isa = PBXGroup;
			children = (
				6240E21F215DFD8F000DB040 /* Dictionary+Extension.swift */,
				6240E22F215E09DC000DB040 /* Storyboard+Extension.swift */,
				6272B7C5215CB7CE0010ABDD /* UIViewController+Extension.swift */,
				6240E21D215DFD5B000DB040 /* URL+Extension.swift */,
				6240E272215E2D5E000DB040 /* UICollectionViewCell+Extension.swift */,
			);
			path = Extensions;
			sourceTree = "<group>";
		};
		6240E255215E0C82000DB040 /* DisplayController */ = {
			isa = PBXGroup;
			children = (
				6240E256215E0CAE000DB040 /* DisplayControllerActionable.swift */,
				6240E26C215E1BD5000DB040 /* DataSource & Delegate */,
				6240E258215E0CAE000DB040 /* DisplayControllerParameterable.swift */,
				6240E259215E0CAE000DB040 /* DisplayControllerPresenter.swift */,
				6240E25A215E0CAE000DB040 /* DisplayControllerViewController.storyboard */,
				6240E25B215E0CAE000DB040 /* DisplayControllerViewController.swift */,
				6240E25D215E0CAE000DB040 /* DisplayControllerWireframe.swift */,
			);
			path = DisplayController;
			sourceTree = "<group>";
		};
		6240E26A215E0ED6000DB040 /* Type */ = {
			isa = PBXGroup;
			children = (
				6240E266215E0EC1000DB040 /* FunkyObject.swift */,
				6240E28B215E3150000DB040 /* AwesomeDisplayItem.swift */,
			);
			path = Type;
			sourceTree = "<group>";
		};
		6240E26B215E0EE3000DB040 /* DataType */ = {
			isa = PBXGroup;
			children = (
				6240E268215E0ECF000DB040 /* FunkyObjects.swift */,
				6240E28D215E316D000DB040 /* AwesomeDisplayItems.swift */,
			);
			path = DataType;
			sourceTree = "<group>";
		};
		6240E26C215E1BD5000DB040 /* DataSource & Delegate */ = {
			isa = PBXGroup;
			children = (
				6240E26D215E1C81000DB040 /* Cells */,
				6240E257215E0CAE000DB040 /* DisplayControllerDataSource.swift */,
				6240E25C215E0CAE000DB040 /* DisplayControllerViewDelegate.swift */,
			);
			path = "DataSource & Delegate";
			sourceTree = "<group>";
		};
		6240E26D215E1C81000DB040 /* Cells */ = {
			isa = PBXGroup;
			children = (
				6240E26E215E1CBB000DB040 /* DisplayContentCell.swift */,
				6240E26F215E1CBB000DB040 /* DisplayContentCell.xib */,
			);
			path = Cells;
			sourceTree = "<group>";
		};
		6240E29F215E31F1000DB040 /* DataSource & Delegate */ = {
			isa = PBXGroup;
			children = (
				6240E2A1215E3238000DB040 /* Cells */,
				6240E290215E31B8000DB040 /* DetailCollectionDataSource.swift */,
				6240E295215E31B8000DB040 /* DetailCollectionViewDelegate.swift */,
			);
			path = "DataSource & Delegate";
			sourceTree = "<group>";
		};
		6240E2A0215E320E000DB040 /* DetailCollection */ = {
			isa = PBXGroup;
			children = (
				6240E28F215E31B8000DB040 /* DetailCollectionActionable.swift */,
				6240E29F215E31F1000DB040 /* DataSource & Delegate */,
				6240E291215E31B8000DB040 /* DetailCollectionParameterable.swift */,
				6240E292215E31B8000DB040 /* DetailCollectionPresenter.swift */,
				6240E293215E31B8000DB040 /* DetailCollectionViewController.storyboard */,
				6240E294215E31B8000DB040 /* DetailCollectionViewController.swift */,
				6240E296215E31B8000DB040 /* DetailCollectionWireframe.swift */,
			);
			path = DetailCollection;
			sourceTree = "<group>";
		};
		6240E2A1215E3238000DB040 /* Cells */ = {
			isa = PBXGroup;
			children = (
				6240E286215E2F88000DB040 /* DetailCell.swift */,
				6240E287215E2F88000DB040 /* DetailCell.xib */,
			);
			path = Cells;
			sourceTree = "<group>";
		};
		6272B789215CB5BE0010ABDD = {
			isa = PBXGroup;
			children = (
				6272B794215CB5BE0010ABDD /* Stanwood Arch Demo */,
				6272B793215CB5BE0010ABDD /* Products */,
				63103EA31202C72EF55BF2E2 /* Pods */,
				B21EA192ADEB02A92ABC9960 /* Frameworks */,
			);
			sourceTree = "<group>";
		};
		6272B793215CB5BE0010ABDD /* Products */ = {
			isa = PBXGroup;
			children = (
				6272B792215CB5BE0010ABDD /* Stanwood Arch Demo.app */,
				6272B7A6215CB5C00010ABDD /* Stanwood Arch DemoTests.xctest */,
				6272B7B1215CB5C00010ABDD /* Stanwood Arch DemoUITests.xctest */,
			);
			name = Products;
			sourceTree = "<group>";
		};
		6272B794215CB5BE0010ABDD /* Stanwood Arch Demo */ = {
			isa = PBXGroup;
			children = (
				6272B7C4215CB7B30010ABDD /* Utilities */,
				6272B7C7215CB7F30010ABDD /* Services */,
				6272B7CA215CB8560010ABDD /* Model */,
				6272B7CB215CB8790010ABDD /* Views */,
				6272B7CC215CB8840010ABDD /* Modules */,
				6272B7CD215CB8B80010ABDD /* Stanwood */,
				6272B7C3215CB7620010ABDD /* Supporting Files */,
			);
			path = "Stanwood Arch Demo";
			sourceTree = "<group>";
		};
		6272B7C3215CB7620010ABDD /* Supporting Files */ = {
			isa = PBXGroup;
			children = (
				6272B7A1215CB5C00010ABDD /* Info.plist */,
				6272B79C215CB5C00010ABDD /* Assets.xcassets */,
				6272B79E215CB5C00010ABDD /* LaunchScreen.storyboard */,
				6240E215215DF6DA000DB040 /* Stanwood Arch Demo-Bridging-Header.h */,
			);
			path = "Supporting Files";
			sourceTree = "<group>";
		};
		6272B7C4215CB7B30010ABDD /* Utilities */ = {
			isa = PBXGroup;
			children = (
				6240E22E215E09C6000DB040 /* Extensions */,
			);
			path = Utilities;
			sourceTree = "<group>";
		};
		6272B7C7215CB7F30010ABDD /* Services */ = {
			isa = PBXGroup;
			children = (
				6272B7E6215CCB9C0010ABDD /* ActionManager.swift */,
				6272B7C8215CB8190010ABDD /* AlertManager.swift */,
				6272B7CE215CB8DD0010ABDD /* Analytics.swift */,
				6240E219215DFA1F000DB040 /* DataProvider.swift */,
				6272B7E2215CC9AE0010ABDD /* LocationManager.swift */,
				6240E21B215DFAA9000DB040 /* NetworkManager.swift */,
				6272B7E4215CCACB0010ABDD /* RequestManager.swift */,
			);
			path = Services;
			sourceTree = "<group>";
		};
		6272B7CA215CB8560010ABDD /* Model */ = {
			isa = PBXGroup;
			children = (
				6240E26A215E0ED6000DB040 /* Type */,
				6240E26B215E0EE3000DB040 /* DataType */,
			);
			path = Model;
			sourceTree = "<group>";
		};
		6272B7CB215CB8790010ABDD /* Views */ = {
			isa = PBXGroup;
			children = (
				6240E2A2215E4D1B000DB040 /* Temp.xib */,
			);
			path = Views;
			sourceTree = "<group>";
		};
		6272B7CC215CB8840010ABDD /* Modules */ = {
			isa = PBXGroup;
			children = (
				6240E2A0215E320E000DB040 /* DetailCollection */,
				6240E255215E0C82000DB040 /* DisplayController */,
				6240E22D215E0520000DB040 /* MainController */,
			);
			path = Modules;
			sourceTree = "<group>";
		};
		6272B7CD215CB8B80010ABDD /* Stanwood */ = {
			isa = PBXGroup;
			children = (
				6272B7D8215CBC360010ABDD /* Actions.swift */,
				6272B7D4215CBC360010ABDD /* AppController.swift */,
				6272B7D5215CBC360010ABDD /* AppData.swift */,
				6272B7D3215CBC360010ABDD /* AppDelegate.swift */,
				6272B7D0215CBC360010ABDD /* Configurations.swift */,
				6272B7D6215CBC360010ABDD /* Constants.swift */,
				6272B7D1215CBC360010ABDD /* Coordinator.swift */,
				6272B7D2215CBC360010ABDD /* Coordinator+Extension.swift */,
				6272B7D7215CBC360010ABDD /* Parameters.swift */,
			);
			path = Stanwood;
			sourceTree = "<group>";
		};
		63103EA31202C72EF55BF2E2 /* Pods */ = {
			isa = PBXGroup;
			children = (
				1B0602AA4DACE4F1391B2E51 /* Pods-Stanwood Arch Demo.debug.xcconfig */,
				1D5C9A8F260DE81FF33D96A8 /* Pods-Stanwood Arch Demo.release.xcconfig */,
				3C6872EB575AD209A4A0A842 /* Pods-Stanwood Arch DemoTests.debug.xcconfig */,
				AC02B9B3A8E5F0A8654B7634 /* Pods-Stanwood Arch DemoTests.release.xcconfig */,
				22CB283A53BDC94604B38A7B /* Pods-Stanwood Arch DemoUITests.debug.xcconfig */,
				CE8EC1AC04156ACA9DD3988A /* Pods-Stanwood Arch DemoUITests.release.xcconfig */,
			);
			name = Pods;
			sourceTree = "<group>";
		};
		B21EA192ADEB02A92ABC9960 /* Frameworks */ = {
			isa = PBXGroup;
			children = (
				8FB80C12168DEA063FEED0A5 /* Pods_Stanwood_Arch_Demo.framework */,
				AE987558B8C73B852A427FEA /* Pods_Stanwood_Arch_DemoTests.framework */,
				0EBBEF2CB883CAD52B8A8C2D /* Pods_Stanwood_Arch_DemoUITests.framework */,
			);
			name = Frameworks;
			sourceTree = "<group>";
		};
/* End PBXGroup section */

/* Begin PBXNativeTarget section */
		6272B791215CB5BE0010ABDD /* Stanwood Arch Demo */ = {
			isa = PBXNativeTarget;
			buildConfigurationList = 6272B7BA215CB5C00010ABDD /* Build configuration list for PBXNativeTarget "Stanwood Arch Demo" */;
			buildPhases = (
				9E4F71DEC1A9D068BAA3C391 /* [CP] Check Pods Manifest.lock */,
				6272B78E215CB5BE0010ABDD /* Sources */,
				6272B78F215CB5BE0010ABDD /* Frameworks */,
				6272B790215CB5BE0010ABDD /* Resources */,
				E05E146642A58A1C26073C24 /* [CP] Embed Pods Frameworks */,
			);
			buildRules = (
			);
			dependencies = (
			);
			name = "Stanwood Arch Demo";
			productName = "Stanwood Arch Demo";
			productReference = 6272B792215CB5BE0010ABDD /* Stanwood Arch Demo.app */;
			productType = "com.apple.product-type.application";
		};
		6272B7A5215CB5C00010ABDD /* Stanwood Arch DemoTests */ = {
			isa = PBXNativeTarget;
			buildConfigurationList = 6272B7BD215CB5C00010ABDD /* Build configuration list for PBXNativeTarget "Stanwood Arch DemoTests" */;
			buildPhases = (
				DA19DAFEB7309D3B16A4F03F /* [CP] Check Pods Manifest.lock */,
				6272B7A2215CB5C00010ABDD /* Sources */,
				6272B7A3215CB5C00010ABDD /* Frameworks */,
				6272B7A4215CB5C00010ABDD /* Resources */,
			);
			buildRules = (
			);
			dependencies = (
				6272B7A8215CB5C00010ABDD /* PBXTargetDependency */,
			);
			name = "Stanwood Arch DemoTests";
			productName = "Stanwood Arch DemoTests";
			productReference = 6272B7A6215CB5C00010ABDD /* Stanwood Arch DemoTests.xctest */;
			productType = "com.apple.product-type.bundle.unit-test";
		};
		6272B7B0215CB5C00010ABDD /* Stanwood Arch DemoUITests */ = {
			isa = PBXNativeTarget;
			buildConfigurationList = 6272B7C0215CB5C00010ABDD /* Build configuration list for PBXNativeTarget "Stanwood Arch DemoUITests" */;
			buildPhases = (
				CDA93D307F730103199AC2E7 /* [CP] Check Pods Manifest.lock */,
				6272B7AD215CB5C00010ABDD /* Sources */,
				6272B7AE215CB5C00010ABDD /* Frameworks */,
				6272B7AF215CB5C00010ABDD /* Resources */,
			);
			buildRules = (
			);
			dependencies = (
				6272B7B3215CB5C00010ABDD /* PBXTargetDependency */,
			);
			name = "Stanwood Arch DemoUITests";
			productName = "Stanwood Arch DemoUITests";
			productReference = 6272B7B1215CB5C00010ABDD /* Stanwood Arch DemoUITests.xctest */;
			productType = "com.apple.product-type.bundle.ui-testing";
		};
/* End PBXNativeTarget section */

/* Begin PBXProject section */
		6272B78A215CB5BE0010ABDD /* Project object */ = {
			isa = PBXProject;
			attributes = {
				LastSwiftUpdateCheck = 1000;
				LastUpgradeCheck = 1000;
				ORGANIZATIONNAME = Stanwood;
				TargetAttributes = {
					6272B791215CB5BE0010ABDD = {
						CreatedOnToolsVersion = 10.0;
						LastSwiftMigration = 1000;
					};
					6272B7A5215CB5C00010ABDD = {
						CreatedOnToolsVersion = 10.0;
						TestTargetID = 6272B791215CB5BE0010ABDD;
					};
					6272B7B0215CB5C00010ABDD = {
						CreatedOnToolsVersion = 10.0;
						TestTargetID = 6272B791215CB5BE0010ABDD;
					};
				};
			};
			buildConfigurationList = 6272B78D215CB5BE0010ABDD /* Build configuration list for PBXProject "Stanwood Arch Demo" */;
			compatibilityVersion = "Xcode 9.3";
			developmentRegion = en;
			hasScannedForEncodings = 0;
			knownRegions = (
				en,
				Base,
			);
			mainGroup = 6272B789215CB5BE0010ABDD;
			productRefGroup = 6272B793215CB5BE0010ABDD /* Products */;
			projectDirPath = "";
			projectRoot = "";
			targets = (
				6272B791215CB5BE0010ABDD /* Stanwood Arch Demo */,
				6272B7A5215CB5C00010ABDD /* Stanwood Arch DemoTests */,
				6272B7B0215CB5C00010ABDD /* Stanwood Arch DemoUITests */,
			);
		};
/* End PBXProject section */

/* Begin PBXResourcesBuildPhase section */
		6272B790215CB5BE0010ABDD /* Resources */ = {
			isa = PBXResourcesBuildPhase;
			buildActionMask = 2147483647;
			files = (
				6272B7A0215CB5C00010ABDD /* LaunchScreen.storyboard in Resources */,
				6240E252215E0C04000DB040 /* MainControllerViewController.storyboard in Resources */,
				6240E262215E0CAE000DB040 /* DisplayControllerViewController.storyboard in Resources */,
				6272B79D215CB5C00010ABDD /* Assets.xcassets in Resources */,
				6240E289215E2F88000DB040 /* DetailCell.xib in Resources */,
				6240E29B215E31B8000DB040 /* DetailCollectionViewController.storyboard in Resources */,
				6240E271215E1CBB000DB040 /* DisplayContentCell.xib in Resources */,
				6240E2A3215E4D1B000DB040 /* Temp.xib in Resources */,
			);
			runOnlyForDeploymentPostprocessing = 0;
		};
		6272B7A4215CB5C00010ABDD /* Resources */ = {
			isa = PBXResourcesBuildPhase;
			buildActionMask = 2147483647;
			files = (
			);
			runOnlyForDeploymentPostprocessing = 0;
		};
		6272B7AF215CB5C00010ABDD /* Resources */ = {
			isa = PBXResourcesBuildPhase;
			buildActionMask = 2147483647;
			files = (
			);
			runOnlyForDeploymentPostprocessing = 0;
		};
/* End PBXResourcesBuildPhase section */

/* Begin PBXShellScriptBuildPhase section */
		9E4F71DEC1A9D068BAA3C391 /* [CP] Check Pods Manifest.lock */ = {
			isa = PBXShellScriptBuildPhase;
			buildActionMask = 2147483647;
			files = (
			);
			inputFileListPaths = (
			);
			inputPaths = (
				"${PODS_PODFILE_DIR_PATH}/Podfile.lock",
				"${PODS_ROOT}/Manifest.lock",
			);
			name = "[CP] Check Pods Manifest.lock";
			outputFileListPaths = (
			);
			outputPaths = (
				"$(DERIVED_FILE_DIR)/Pods-Stanwood Arch Demo-checkManifestLockResult.txt",
			);
			runOnlyForDeploymentPostprocessing = 0;
			shellPath = /bin/sh;
			shellScript = "diff \"${PODS_PODFILE_DIR_PATH}/Podfile.lock\" \"${PODS_ROOT}/Manifest.lock\" > /dev/null\nif [ $? != 0 ] ; then\n    # print error to STDERR\n    echo \"error: The sandbox is not in sync with the Podfile.lock. Run 'pod install' or update your CocoaPods installation.\" >&2\n    exit 1\nfi\n# This output is used by Xcode 'outputs' to avoid re-running this script phase.\necho \"SUCCESS\" > \"${SCRIPT_OUTPUT_FILE_0}\"\n";
			showEnvVarsInLog = 0;
		};
		CDA93D307F730103199AC2E7 /* [CP] Check Pods Manifest.lock */ = {
			isa = PBXShellScriptBuildPhase;
			buildActionMask = 2147483647;
			files = (
			);
			inputFileListPaths = (
			);
			inputPaths = (
				"${PODS_PODFILE_DIR_PATH}/Podfile.lock",
				"${PODS_ROOT}/Manifest.lock",
			);
			name = "[CP] Check Pods Manifest.lock";
			outputFileListPaths = (
			);
			outputPaths = (
				"$(DERIVED_FILE_DIR)/Pods-Stanwood Arch DemoUITests-checkManifestLockResult.txt",
			);
			runOnlyForDeploymentPostprocessing = 0;
			shellPath = /bin/sh;
			shellScript = "diff \"${PODS_PODFILE_DIR_PATH}/Podfile.lock\" \"${PODS_ROOT}/Manifest.lock\" > /dev/null\nif [ $? != 0 ] ; then\n    # print error to STDERR\n    echo \"error: The sandbox is not in sync with the Podfile.lock. Run 'pod install' or update your CocoaPods installation.\" >&2\n    exit 1\nfi\n# This output is used by Xcode 'outputs' to avoid re-running this script phase.\necho \"SUCCESS\" > \"${SCRIPT_OUTPUT_FILE_0}\"\n";
			showEnvVarsInLog = 0;
		};
		DA19DAFEB7309D3B16A4F03F /* [CP] Check Pods Manifest.lock */ = {
			isa = PBXShellScriptBuildPhase;
			buildActionMask = 2147483647;
			files = (
			);
			inputFileListPaths = (
			);
			inputPaths = (
				"${PODS_PODFILE_DIR_PATH}/Podfile.lock",
				"${PODS_ROOT}/Manifest.lock",
			);
			name = "[CP] Check Pods Manifest.lock";
			outputFileListPaths = (
			);
			outputPaths = (
				"$(DERIVED_FILE_DIR)/Pods-Stanwood Arch DemoTests-checkManifestLockResult.txt",
			);
			runOnlyForDeploymentPostprocessing = 0;
			shellPath = /bin/sh;
			shellScript = "diff \"${PODS_PODFILE_DIR_PATH}/Podfile.lock\" \"${PODS_ROOT}/Manifest.lock\" > /dev/null\nif [ $? != 0 ] ; then\n    # print error to STDERR\n    echo \"error: The sandbox is not in sync with the Podfile.lock. Run 'pod install' or update your CocoaPods installation.\" >&2\n    exit 1\nfi\n# This output is used by Xcode 'outputs' to avoid re-running this script phase.\necho \"SUCCESS\" > \"${SCRIPT_OUTPUT_FILE_0}\"\n";
			showEnvVarsInLog = 0;
		};
		E05E146642A58A1C26073C24 /* [CP] Embed Pods Frameworks */ = {
			isa = PBXShellScriptBuildPhase;
			buildActionMask = 2147483647;
			files = (
			);
			inputFileListPaths = (
			);
			inputPaths = (
				"${SRCROOT}/Pods/Target Support Files/Pods-Stanwood Arch Demo/Pods-Stanwood Arch Demo-frameworks.sh",
				"${BUILT_PRODUCTS_DIR}/GTMSessionFetcher/GTMSessionFetcher.framework",
				"${BUILT_PRODUCTS_DIR}/GoogleUtilities/GoogleUtilities.framework",
				"${BUILT_PRODUCTS_DIR}/Protobuf/Protobuf.framework",
				"${BUILT_PRODUCTS_DIR}/StanwoodCore/StanwoodCore.framework",
				"${BUILT_PRODUCTS_DIR}/StanwoodDialog/StanwoodDialog.framework",
				"${BUILT_PRODUCTS_DIR}/leveldb-library/leveldb.framework",
				"${BUILT_PRODUCTS_DIR}/nanopb/nanopb.framework",
			);
			name = "[CP] Embed Pods Frameworks";
			outputFileListPaths = (
			);
			outputPaths = (
				"${TARGET_BUILD_DIR}/${FRAMEWORKS_FOLDER_PATH}/GTMSessionFetcher.framework",
				"${TARGET_BUILD_DIR}/${FRAMEWORKS_FOLDER_PATH}/GoogleUtilities.framework",
				"${TARGET_BUILD_DIR}/${FRAMEWORKS_FOLDER_PATH}/Protobuf.framework",
				"${TARGET_BUILD_DIR}/${FRAMEWORKS_FOLDER_PATH}/StanwoodCore.framework",
				"${TARGET_BUILD_DIR}/${FRAMEWORKS_FOLDER_PATH}/StanwoodDialog.framework",
				"${TARGET_BUILD_DIR}/${FRAMEWORKS_FOLDER_PATH}/leveldb.framework",
				"${TARGET_BUILD_DIR}/${FRAMEWORKS_FOLDER_PATH}/nanopb.framework",
			);
			runOnlyForDeploymentPostprocessing = 0;
			shellPath = /bin/sh;
			shellScript = "\"${SRCROOT}/Pods/Target Support Files/Pods-Stanwood Arch Demo/Pods-Stanwood Arch Demo-frameworks.sh\"\n";
			showEnvVarsInLog = 0;
		};
/* End PBXShellScriptBuildPhase section */

/* Begin PBXSourcesBuildPhase section */
		6272B78E215CB5BE0010ABDD /* Sources */ = {
			isa = PBXSourcesBuildPhase;
			buildActionMask = 2147483647;
			files = (
				6240E220215DFD8F000DB040 /* Dictionary+Extension.swift in Sources */,
				6240E29E215E31B8000DB040 /* DetailCollectionWireframe.swift in Sources */,
				6240E253215E0C04000DB040 /* MainControllerViewController.swift in Sources */,
				6272B7DC215CBC360010ABDD /* AppDelegate.swift in Sources */,
				6240E254215E0C04000DB040 /* MainControllerWireframe.swift in Sources */,
				6272B7E1215CBC360010ABDD /* Actions.swift in Sources */,
				6240E21A215DFA1F000DB040 /* DataProvider.swift in Sources */,
				6272B7DF215CBC360010ABDD /* Constants.swift in Sources */,
				6272B7C6215CB7CE0010ABDD /* UIViewController+Extension.swift in Sources */,
				6240E298215E31B8000DB040 /* DetailCollectionDataSource.swift in Sources */,
				6240E273215E2D5E000DB040 /* UICollectionViewCell+Extension.swift in Sources */,
				6240E261215E0CAE000DB040 /* DisplayControllerPresenter.swift in Sources */,
				6240E250215E0C04000DB040 /* MainControllerParameterable.swift in Sources */,
				6240E25F215E0CAE000DB040 /* DisplayControllerDataSource.swift in Sources */,
				6240E21E215DFD5B000DB040 /* URL+Extension.swift in Sources */,
				6272B7DB215CBC360010ABDD /* Coordinator+Extension.swift in Sources */,
				6240E263215E0CAE000DB040 /* DisplayControllerViewController.swift in Sources */,
				6240E265215E0CAE000DB040 /* DisplayControllerWireframe.swift in Sources */,
				6240E251215E0C04000DB040 /* MainControllerPresenter.swift in Sources */,
				6240E29C215E31B8000DB040 /* DetailCollectionViewController.swift in Sources */,
				6272B7D9215CBC360010ABDD /* Configurations.swift in Sources */,
				6240E270215E1CBB000DB040 /* DisplayContentCell.swift in Sources */,
				6240E299215E31B8000DB040 /* DetailCollectionParameterable.swift in Sources */,
				6272B7DA215CBC360010ABDD /* Coordinator.swift in Sources */,
				6240E269215E0ECF000DB040 /* FunkyObjects.swift in Sources */,
				6272B7DD215CBC360010ABDD /* AppController.swift in Sources */,
				6240E267215E0EC1000DB040 /* FunkyObject.swift in Sources */,
				6240E29A215E31B8000DB040 /* DetailCollectionPresenter.swift in Sources */,
				6240E28E215E316D000DB040 /* AwesomeDisplayItems.swift in Sources */,
				6272B7CF215CB8DD0010ABDD /* Analytics.swift in Sources */,
				6240E25E215E0CAE000DB040 /* DisplayControllerActionable.swift in Sources */,
				6240E28C215E3150000DB040 /* AwesomeDisplayItem.swift in Sources */,
				6240E21C215DFAA9000DB040 /* NetworkManager.swift in Sources */,
				6240E230215E09DC000DB040 /* Storyboard+Extension.swift in Sources */,
				6240E264215E0CAE000DB040 /* DisplayControllerViewDelegate.swift in Sources */,
				6240E297215E31B8000DB040 /* DetailCollectionActionable.swift in Sources */,
				6272B7E3215CC9AE0010ABDD /* LocationManager.swift in Sources */,
				6240E288215E2F88000DB040 /* DetailCell.swift in Sources */,
				6240E29D215E31B8000DB040 /* DetailCollectionViewDelegate.swift in Sources */,
				6272B7C9215CB8190010ABDD /* AlertManager.swift in Sources */,
				6240E260215E0CAE000DB040 /* DisplayControllerParameterable.swift in Sources */,
				6272B7E7215CCB9C0010ABDD /* ActionManager.swift in Sources */,
				6240E24F215E0C04000DB040 /* MainControllerActionable.swift in Sources */,
				6272B7E5215CCACB0010ABDD /* RequestManager.swift in Sources */,
				6272B7DE215CBC360010ABDD /* AppData.swift in Sources */,
				6272B7E0215CBC360010ABDD /* Parameters.swift in Sources */,
			);
			runOnlyForDeploymentPostprocessing = 0;
		};
		6272B7A2215CB5C00010ABDD /* Sources */ = {
			isa = PBXSourcesBuildPhase;
			buildActionMask = 2147483647;
			files = (
			);
			runOnlyForDeploymentPostprocessing = 0;
		};
		6272B7AD215CB5C00010ABDD /* Sources */ = {
			isa = PBXSourcesBuildPhase;
			buildActionMask = 2147483647;
			files = (
			);
			runOnlyForDeploymentPostprocessing = 0;
		};
/* End PBXSourcesBuildPhase section */

/* Begin PBXTargetDependency section */
		6272B7A8215CB5C00010ABDD /* PBXTargetDependency */ = {
			isa = PBXTargetDependency;
			target = 6272B791215CB5BE0010ABDD /* Stanwood Arch Demo */;
			targetProxy = 6272B7A7215CB5C00010ABDD /* PBXContainerItemProxy */;
		};
		6272B7B3215CB5C00010ABDD /* PBXTargetDependency */ = {
			isa = PBXTargetDependency;
			target = 6272B791215CB5BE0010ABDD /* Stanwood Arch Demo */;
			targetProxy = 6272B7B2215CB5C00010ABDD /* PBXContainerItemProxy */;
		};
/* End PBXTargetDependency section */

/* Begin PBXVariantGroup section */
		6272B79E215CB5C00010ABDD /* LaunchScreen.storyboard */ = {
			isa = PBXVariantGroup;
			children = (
				6272B79F215CB5C00010ABDD /* Base */,
			);
			name = LaunchScreen.storyboard;
			sourceTree = "<group>";
		};
/* End PBXVariantGroup section */

/* Begin XCBuildConfiguration section */
		6272B7B8215CB5C00010ABDD /* Debug */ = {
			isa = XCBuildConfiguration;
			buildSettings = {
				ALWAYS_SEARCH_USER_PATHS = NO;
				CLANG_ANALYZER_NONNULL = YES;
				CLANG_ANALYZER_NUMBER_OBJECT_CONVERSION = YES_AGGRESSIVE;
				CLANG_CXX_LANGUAGE_STANDARD = "gnu++14";
				CLANG_CXX_LIBRARY = "libc++";
				CLANG_ENABLE_MODULES = YES;
				CLANG_ENABLE_OBJC_ARC = YES;
				CLANG_ENABLE_OBJC_WEAK = YES;
				CLANG_WARN_BLOCK_CAPTURE_AUTORELEASING = YES;
				CLANG_WARN_BOOL_CONVERSION = YES;
				CLANG_WARN_COMMA = YES;
				CLANG_WARN_CONSTANT_CONVERSION = YES;
				CLANG_WARN_DEPRECATED_OBJC_IMPLEMENTATIONS = YES;
				CLANG_WARN_DIRECT_OBJC_ISA_USAGE = YES_ERROR;
				CLANG_WARN_DOCUMENTATION_COMMENTS = YES;
				CLANG_WARN_EMPTY_BODY = YES;
				CLANG_WARN_ENUM_CONVERSION = YES;
				CLANG_WARN_INFINITE_RECURSION = YES;
				CLANG_WARN_INT_CONVERSION = YES;
				CLANG_WARN_NON_LITERAL_NULL_CONVERSION = YES;
				CLANG_WARN_OBJC_IMPLICIT_RETAIN_SELF = YES;
				CLANG_WARN_OBJC_LITERAL_CONVERSION = YES;
				CLANG_WARN_OBJC_ROOT_CLASS = YES_ERROR;
				CLANG_WARN_RANGE_LOOP_ANALYSIS = YES;
				CLANG_WARN_STRICT_PROTOTYPES = YES;
				CLANG_WARN_SUSPICIOUS_MOVE = YES;
				CLANG_WARN_UNGUARDED_AVAILABILITY = YES_AGGRESSIVE;
				CLANG_WARN_UNREACHABLE_CODE = YES;
				CLANG_WARN__DUPLICATE_METHOD_MATCH = YES;
				CODE_SIGN_IDENTITY = "iPhone Developer";
				COPY_PHASE_STRIP = NO;
				DEBUG_INFORMATION_FORMAT = dwarf;
				ENABLE_STRICT_OBJC_MSGSEND = YES;
				ENABLE_TESTABILITY = YES;
				GCC_C_LANGUAGE_STANDARD = gnu11;
				GCC_DYNAMIC_NO_PIC = NO;
				GCC_NO_COMMON_BLOCKS = YES;
				GCC_OPTIMIZATION_LEVEL = 0;
				GCC_PREPROCESSOR_DEFINITIONS = (
					"DEBUG=1",
					"$(inherited)",
				);
				GCC_WARN_64_TO_32_BIT_CONVERSION = YES;
				GCC_WARN_ABOUT_RETURN_TYPE = YES_ERROR;
				GCC_WARN_UNDECLARED_SELECTOR = YES;
				GCC_WARN_UNINITIALIZED_AUTOS = YES_AGGRESSIVE;
				GCC_WARN_UNUSED_FUNCTION = YES;
				GCC_WARN_UNUSED_VARIABLE = YES;
				IPHONEOS_DEPLOYMENT_TARGET = 12.0;
				MTL_ENABLE_DEBUG_INFO = INCLUDE_SOURCE;
				MTL_FAST_MATH = YES;
				ONLY_ACTIVE_ARCH = YES;
				SDKROOT = iphoneos;
				SWIFT_ACTIVE_COMPILATION_CONDITIONS = DEBUG;
				SWIFT_OPTIMIZATION_LEVEL = "-Onone";
			};
			name = Debug;
		};
		6272B7B9215CB5C00010ABDD /* Release */ = {
			isa = XCBuildConfiguration;
			buildSettings = {
				ALWAYS_SEARCH_USER_PATHS = NO;
				CLANG_ANALYZER_NONNULL = YES;
				CLANG_ANALYZER_NUMBER_OBJECT_CONVERSION = YES_AGGRESSIVE;
				CLANG_CXX_LANGUAGE_STANDARD = "gnu++14";
				CLANG_CXX_LIBRARY = "libc++";
				CLANG_ENABLE_MODULES = YES;
				CLANG_ENABLE_OBJC_ARC = YES;
				CLANG_ENABLE_OBJC_WEAK = YES;
				CLANG_WARN_BLOCK_CAPTURE_AUTORELEASING = YES;
				CLANG_WARN_BOOL_CONVERSION = YES;
				CLANG_WARN_COMMA = YES;
				CLANG_WARN_CONSTANT_CONVERSION = YES;
				CLANG_WARN_DEPRECATED_OBJC_IMPLEMENTATIONS = YES;
				CLANG_WARN_DIRECT_OBJC_ISA_USAGE = YES_ERROR;
				CLANG_WARN_DOCUMENTATION_COMMENTS = YES;
				CLANG_WARN_EMPTY_BODY = YES;
				CLANG_WARN_ENUM_CONVERSION = YES;
				CLANG_WARN_INFINITE_RECURSION = YES;
				CLANG_WARN_INT_CONVERSION = YES;
				CLANG_WARN_NON_LITERAL_NULL_CONVERSION = YES;
				CLANG_WARN_OBJC_IMPLICIT_RETAIN_SELF = YES;
				CLANG_WARN_OBJC_LITERAL_CONVERSION = YES;
				CLANG_WARN_OBJC_ROOT_CLASS = YES_ERROR;
				CLANG_WARN_RANGE_LOOP_ANALYSIS = YES;
				CLANG_WARN_STRICT_PROTOTYPES = YES;
				CLANG_WARN_SUSPICIOUS_MOVE = YES;
				CLANG_WARN_UNGUARDED_AVAILABILITY = YES_AGGRESSIVE;
				CLANG_WARN_UNREACHABLE_CODE = YES;
				CLANG_WARN__DUPLICATE_METHOD_MATCH = YES;
				CODE_SIGN_IDENTITY = "iPhone Developer";
				COPY_PHASE_STRIP = NO;
				DEBUG_INFORMATION_FORMAT = "dwarf-with-dsym";
				ENABLE_NS_ASSERTIONS = NO;
				ENABLE_STRICT_OBJC_MSGSEND = YES;
				GCC_C_LANGUAGE_STANDARD = gnu11;
				GCC_NO_COMMON_BLOCKS = YES;
				GCC_WARN_64_TO_32_BIT_CONVERSION = YES;
				GCC_WARN_ABOUT_RETURN_TYPE = YES_ERROR;
				GCC_WARN_UNDECLARED_SELECTOR = YES;
				GCC_WARN_UNINITIALIZED_AUTOS = YES_AGGRESSIVE;
				GCC_WARN_UNUSED_FUNCTION = YES;
				GCC_WARN_UNUSED_VARIABLE = YES;
				IPHONEOS_DEPLOYMENT_TARGET = 12.0;
				MTL_ENABLE_DEBUG_INFO = NO;
				MTL_FAST_MATH = YES;
				SDKROOT = iphoneos;
				SWIFT_COMPILATION_MODE = wholemodule;
				SWIFT_OPTIMIZATION_LEVEL = "-O";
				VALIDATE_PRODUCT = YES;
			};
			name = Release;
		};
		6272B7BB215CB5C00010ABDD /* Debug */ = {
			isa = XCBuildConfiguration;
			baseConfigurationReference = 1B0602AA4DACE4F1391B2E51 /* Pods-Stanwood Arch Demo.debug.xcconfig */;
			buildSettings = {
				ASSETCATALOG_COMPILER_APPICON_NAME = AppIcon;
				CLANG_ENABLE_MODULES = YES;
				CODE_SIGN_STYLE = Automatic;
				DEVELOPMENT_TEAM = ZC4L7BE562;
				INFOPLIST_FILE = "$(SRCROOT)/Stanwood Arch Demo/Supporting Files/Info.plist";
				LD_RUNPATH_SEARCH_PATHS = (
					"$(inherited)",
					"@executable_path/Frameworks",
				);
				PRODUCT_BUNDLE_IDENTIFIER = "io.stanwood.Stanwood-Arch-Demo";
				PRODUCT_NAME = "$(TARGET_NAME)";
				SWIFT_OBJC_BRIDGING_HEADER = "Stanwood Arch Demo/Supporting Files/Stanwood Arch Demo-Bridging-Header.h";
				SWIFT_OPTIMIZATION_LEVEL = "-Onone";
				SWIFT_VERSION = 4.2;
				TARGETED_DEVICE_FAMILY = 1;
			};
			name = Debug;
		};
		6272B7BC215CB5C00010ABDD /* Release */ = {
			isa = XCBuildConfiguration;
			baseConfigurationReference = 1D5C9A8F260DE81FF33D96A8 /* Pods-Stanwood Arch Demo.release.xcconfig */;
			buildSettings = {
				ASSETCATALOG_COMPILER_APPICON_NAME = AppIcon;
				CLANG_ENABLE_MODULES = YES;
				CODE_SIGN_STYLE = Automatic;
				DEVELOPMENT_TEAM = ZC4L7BE562;
				INFOPLIST_FILE = "$(SRCROOT)/Stanwood Arch Demo/Supporting Files/Info.plist";
				LD_RUNPATH_SEARCH_PATHS = (
					"$(inherited)",
					"@executable_path/Frameworks",
				);
				PRODUCT_BUNDLE_IDENTIFIER = "io.stanwood.Stanwood-Arch-Demo";
				PRODUCT_NAME = "$(TARGET_NAME)";
				SWIFT_OBJC_BRIDGING_HEADER = "Stanwood Arch Demo/Supporting Files/Stanwood Arch Demo-Bridging-Header.h";
				SWIFT_VERSION = 4.2;
				TARGETED_DEVICE_FAMILY = 1;
			};
			name = Release;
		};
		6272B7BE215CB5C00010ABDD /* Debug */ = {
			isa = XCBuildConfiguration;
			baseConfigurationReference = 3C6872EB575AD209A4A0A842 /* Pods-Stanwood Arch DemoTests.debug.xcconfig */;
			buildSettings = {
				ALWAYS_EMBED_SWIFT_STANDARD_LIBRARIES = YES;
				BUNDLE_LOADER = "$(TEST_HOST)";
				CODE_SIGN_STYLE = Automatic;
				DEVELOPMENT_TEAM = ZC4L7BE562;
				INFOPLIST_FILE = "Stanwood Arch DemoTests/Info.plist";
				LD_RUNPATH_SEARCH_PATHS = (
					"$(inherited)",
					"@executable_path/Frameworks",
					"@loader_path/Frameworks",
				);
				PRODUCT_BUNDLE_IDENTIFIER = "io.stanwood.Stanwood-Arch-DemoTests";
				PRODUCT_NAME = "$(TARGET_NAME)";
				SWIFT_VERSION = 4.2;
				TARGETED_DEVICE_FAMILY = "1,2";
				TEST_HOST = "$(BUILT_PRODUCTS_DIR)/Stanwood Arch Demo.app/Stanwood Arch Demo";
			};
			name = Debug;
		};
		6272B7BF215CB5C00010ABDD /* Release */ = {
			isa = XCBuildConfiguration;
			baseConfigurationReference = AC02B9B3A8E5F0A8654B7634 /* Pods-Stanwood Arch DemoTests.release.xcconfig */;
			buildSettings = {
				ALWAYS_EMBED_SWIFT_STANDARD_LIBRARIES = YES;
				BUNDLE_LOADER = "$(TEST_HOST)";
				CODE_SIGN_STYLE = Automatic;
				DEVELOPMENT_TEAM = ZC4L7BE562;
				INFOPLIST_FILE = "Stanwood Arch DemoTests/Info.plist";
				LD_RUNPATH_SEARCH_PATHS = (
					"$(inherited)",
					"@executable_path/Frameworks",
					"@loader_path/Frameworks",
				);
				PRODUCT_BUNDLE_IDENTIFIER = "io.stanwood.Stanwood-Arch-DemoTests";
				PRODUCT_NAME = "$(TARGET_NAME)";
				SWIFT_VERSION = 4.2;
				TARGETED_DEVICE_FAMILY = "1,2";
				TEST_HOST = "$(BUILT_PRODUCTS_DIR)/Stanwood Arch Demo.app/Stanwood Arch Demo";
			};
			name = Release;
		};
		6272B7C1215CB5C00010ABDD /* Debug */ = {
			isa = XCBuildConfiguration;
			baseConfigurationReference = 22CB283A53BDC94604B38A7B /* Pods-Stanwood Arch DemoUITests.debug.xcconfig */;
			buildSettings = {
				ALWAYS_EMBED_SWIFT_STANDARD_LIBRARIES = YES;
				CODE_SIGN_STYLE = Automatic;
				DEVELOPMENT_TEAM = ZC4L7BE562;
				INFOPLIST_FILE = "Stanwood Arch DemoUITests/Info.plist";
				LD_RUNPATH_SEARCH_PATHS = (
					"$(inherited)",
					"@executable_path/Frameworks",
					"@loader_path/Frameworks",
				);
				PRODUCT_BUNDLE_IDENTIFIER = "io.stanwood.Stanwood-Arch-DemoUITests";
				PRODUCT_NAME = "$(TARGET_NAME)";
				SWIFT_VERSION = 4.2;
				TARGETED_DEVICE_FAMILY = "1,2";
				TEST_TARGET_NAME = "Stanwood Arch Demo";
			};
			name = Debug;
		};
		6272B7C2215CB5C00010ABDD /* Release */ = {
			isa = XCBuildConfiguration;
			baseConfigurationReference = CE8EC1AC04156ACA9DD3988A /* Pods-Stanwood Arch DemoUITests.release.xcconfig */;
			buildSettings = {
				ALWAYS_EMBED_SWIFT_STANDARD_LIBRARIES = YES;
				CODE_SIGN_STYLE = Automatic;
				DEVELOPMENT_TEAM = ZC4L7BE562;
				INFOPLIST_FILE = "Stanwood Arch DemoUITests/Info.plist";
				LD_RUNPATH_SEARCH_PATHS = (
					"$(inherited)",
					"@executable_path/Frameworks",
					"@loader_path/Frameworks",
				);
				PRODUCT_BUNDLE_IDENTIFIER = "io.stanwood.Stanwood-Arch-DemoUITests";
				PRODUCT_NAME = "$(TARGET_NAME)";
				SWIFT_VERSION = 4.2;
				TARGETED_DEVICE_FAMILY = "1,2";
				TEST_TARGET_NAME = "Stanwood Arch Demo";
			};
			name = Release;
		};
/* End XCBuildConfiguration section */

/* Begin XCConfigurationList section */
		6272B78D215CB5BE0010ABDD /* Build configuration list for PBXProject "Stanwood Arch Demo" */ = {
			isa = XCConfigurationList;
			buildConfigurations = (
				6272B7B8215CB5C00010ABDD /* Debug */,
				6272B7B9215CB5C00010ABDD /* Release */,
			);
			defaultConfigurationIsVisible = 0;
			defaultConfigurationName = Release;
		};
		6272B7BA215CB5C00010ABDD /* Build configuration list for PBXNativeTarget "Stanwood Arch Demo" */ = {
			isa = XCConfigurationList;
			buildConfigurations = (
				6272B7BB215CB5C00010ABDD /* Debug */,
				6272B7BC215CB5C00010ABDD /* Release */,
			);
			defaultConfigurationIsVisible = 0;
			defaultConfigurationName = Release;
		};
		6272B7BD215CB5C00010ABDD /* Build configuration list for PBXNativeTarget "Stanwood Arch DemoTests" */ = {
			isa = XCConfigurationList;
			buildConfigurations = (
				6272B7BE215CB5C00010ABDD /* Debug */,
				6272B7BF215CB5C00010ABDD /* Release */,
			);
			defaultConfigurationIsVisible = 0;
			defaultConfigurationName = Release;
		};
		6272B7C0215CB5C00010ABDD /* Build configuration list for PBXNativeTarget "Stanwood Arch DemoUITests" */ = {
			isa = XCConfigurationList;
			buildConfigurations = (
				6272B7C1215CB5C00010ABDD /* Debug */,
				6272B7C2215CB5C00010ABDD /* Release */,
			);
			defaultConfigurationIsVisible = 0;
			defaultConfigurationName = Release;
		};
/* End XCConfigurationList section */
	};
	rootObject = 6272B78A215CB5BE0010ABDD /* Project object */;
}
